// !$*UTF8*$!
{
	archiveVersion = 1;
	classes = {
	};
	objectVersion = 55;
	objects = {

/* Begin PBXBuildFile section */
		E104203427DBA16500051F2A /* Habit_TrackerApp.swift in Sources */ = {isa = PBXBuildFile; fileRef = E104203327DBA16500051F2A /* Habit_TrackerApp.swift */; };
		E104203627DBA16500051F2A /* HabitScreen.swift in Sources */ = {isa = PBXBuildFile; fileRef = E104203527DBA16500051F2A /* HabitScreen.swift */; };
		E104203827DBA16600051F2A /* Assets.xcassets in Resources */ = {isa = PBXBuildFile; fileRef = E104203727DBA16600051F2A /* Assets.xcassets */; };
		E104203B27DBA16600051F2A /* Preview Assets.xcassets in Resources */ = {isa = PBXBuildFile; fileRef = E104203A27DBA16600051F2A /* Preview Assets.xcassets */; };
		E104203D27DBA16600051F2A /* Persistence.swift in Sources */ = {isa = PBXBuildFile; fileRef = E104203C27DBA16600051F2A /* Persistence.swift */; };
		E104204027DBA16600051F2A /* Habit_Tracker.xcdatamodeld in Sources */ = {isa = PBXBuildFile; fileRef = E104203E27DBA16600051F2A /* Habit_Tracker.xcdatamodeld */; };
		E104204827DBA28600051F2A /* FeelingSleepy+CoreDataClass.swift in Sources */ = {isa = PBXBuildFile; fileRef = E104204627DBA28600051F2A /* FeelingSleepy+CoreDataClass.swift */; };
		E104204927DBA28600051F2A /* FeelingSleepy+CoreDataProperties.swift in Sources */ = {isa = PBXBuildFile; fileRef = E104204727DBA28600051F2A /* FeelingSleepy+CoreDataProperties.swift */; };
		E104206427DBA43600051F2A /* Intents.framework in Frameworks */ = {isa = PBXBuildFile; fileRef = E104205027DBA3FC00051F2A /* Intents.framework */; };
		E104206727DBA43600051F2A /* IntentHandler.swift in Sources */ = {isa = PBXBuildFile; fileRef = E104206627DBA43600051F2A /* IntentHandler.swift */; };
		E104206B27DBA43600051F2A /* HabitIntents.appex in Embed App Extensions */ = {isa = PBXBuildFile; fileRef = E104206327DBA43600051F2A /* HabitIntents.appex */; settings = {ATTRIBUTES = (RemoveHeadersOnCopy, ); }; };
		E104207027DBA44100051F2A /* Intents.intentdefinition in Sources */ = {isa = PBXBuildFile; fileRef = E104206F27DBA44100051F2A /* Intents.intentdefinition */; };
		E104207227DBAC5800051F2A /* Intents.intentdefinition in Sources */ = {isa = PBXBuildFile; fileRef = E104206F27DBA44100051F2A /* Intents.intentdefinition */; };
		E104207427DBB2F200051F2A /* Persistence.swift in Sources */ = {isa = PBXBuildFile; fileRef = E104203C27DBA16600051F2A /* Persistence.swift */; };
		E104207527DBB2F600051F2A /* FeelingSleepy+CoreDataProperties.swift in Sources */ = {isa = PBXBuildFile; fileRef = E104204727DBA28600051F2A /* FeelingSleepy+CoreDataProperties.swift */; };
		E104207627DBB2F600051F2A /* FeelingSleepy+CoreDataClass.swift in Sources */ = {isa = PBXBuildFile; fileRef = E104204627DBA28600051F2A /* FeelingSleepy+CoreDataClass.swift */; };
		E104207727DBB4B400051F2A /* Habit_Tracker.xcdatamodeld in Sources */ = {isa = PBXBuildFile; fileRef = E104203E27DBA16600051F2A /* Habit_Tracker.xcdatamodeld */; };
		E10AFC0B27DF18D5000965D9 /* FilePicker.swift in Sources */ = {isa = PBXBuildFile; fileRef = E10AFC0A27DF18D5000965D9 /* FilePicker.swift */; };
		E12BC20527E2451100580111 /* RemoteStoreAPI.swift in Sources */ = {isa = PBXBuildFile; fileRef = E12BC20427E2451100580111 /* RemoteStoreAPI.swift */; };
		E12BC20727E2488700580111 /* CSVFile.swift in Sources */ = {isa = PBXBuildFile; fileRef = E12BC20627E2488700580111 /* CSVFile.swift */; };
		E12E2C8F27E237FB002AD960 /* KeyPath.swift in Sources */ = {isa = PBXBuildFile; fileRef = E12E2C8E27E237FB002AD960 /* KeyPath.swift */; };
		E16A9EA427E0E01A007092CD /* AppDelegate.swift in Sources */ = {isa = PBXBuildFile; fileRef = E16A9EA327E0E01A007092CD /* AppDelegate.swift */; };
		E16A9EA827E0E8FD007092CD /* Moya in Frameworks */ = {isa = PBXBuildFile; productRef = E16A9EA727E0E8FD007092CD /* Moya */; };
		E16A9EAA27E0F51D007092CD /* Networking.swift in Sources */ = {isa = PBXBuildFile; fileRef = E16A9EA927E0F51D007092CD /* Networking.swift */; };
		E184F4E127E5ACE100BB2F2C /* Spinner.swift in Sources */ = {isa = PBXBuildFile; fileRef = E184F4E027E5ACE100BB2F2C /* Spinner.swift */; };
		E184F4E327E5AEC800BB2F2C /* AlertContent.swift in Sources */ = {isa = PBXBuildFile; fileRef = E184F4E227E5AEC800BB2F2C /* AlertContent.swift */; };
		E184F4E527E5B0F000BB2F2C /* ReportsScreen.swift in Sources */ = {isa = PBXBuildFile; fileRef = E184F4E427E5B0F000BB2F2C /* ReportsScreen.swift */; };
		E184F4E727E5BA1E00BB2F2C /* PDFView.swift in Sources */ = {isa = PBXBuildFile; fileRef = E184F4E627E5BA1E00BB2F2C /* PDFView.swift */; };
		E1CD70E927DDDD630098DE0B /* HealthKit.swift in Sources */ = {isa = PBXBuildFile; fileRef = E1CD70E827DDDD630098DE0B /* HealthKit.swift */; };
		E1CD70EB27DDE7850098DE0B /* HealthKit.framework in Frameworks */ = {isa = PBXBuildFile; fileRef = E1CD70EA27DDE7850098DE0B /* HealthKit.framework */; };
		E1CD70ED27DDEF6A0098DE0B /* CollectedDataScreen.swift in Sources */ = {isa = PBXBuildFile; fileRef = E1CD70EC27DDEF6A0098DE0B /* CollectedDataScreen.swift */; };
		E1CD70EF27DDEFB00098DE0B /* HabitViewModel.swift in Sources */ = {isa = PBXBuildFile; fileRef = E1CD70EE27DDEFB00098DE0B /* HabitViewModel.swift */; };
/* End PBXBuildFile section */

/* Begin PBXContainerItemProxy section */
		E104206927DBA43600051F2A /* PBXContainerItemProxy */ = {
			isa = PBXContainerItemProxy;
			containerPortal = E104202827DBA16500051F2A /* Project object */;
			proxyType = 1;
			remoteGlobalIDString = E104206227DBA43600051F2A;
			remoteInfo = HabitIntents;
		};
/* End PBXContainerItemProxy section */

/* Begin PBXCopyFilesBuildPhase section */
		E104205C27DBA3FC00051F2A /* Embed App Extensions */ = {
			isa = PBXCopyFilesBuildPhase;
			buildActionMask = 2147483647;
			dstPath = "";
			dstSubfolderSpec = 13;
			files = (
				E104206B27DBA43600051F2A /* HabitIntents.appex in Embed App Extensions */,
			);
			name = "Embed App Extensions";
			runOnlyForDeploymentPostprocessing = 0;
		};
/* End PBXCopyFilesBuildPhase section */

/* Begin PBXFileReference section */
		E104203027DBA16500051F2A /* Habit Tracker.app */ = {isa = PBXFileReference; explicitFileType = wrapper.application; includeInIndex = 0; path = "Habit Tracker.app"; sourceTree = BUILT_PRODUCTS_DIR; };
		E104203327DBA16500051F2A /* Habit_TrackerApp.swift */ = {isa = PBXFileReference; lastKnownFileType = sourcecode.swift; path = Habit_TrackerApp.swift; sourceTree = "<group>"; };
		E104203527DBA16500051F2A /* HabitScreen.swift */ = {isa = PBXFileReference; lastKnownFileType = sourcecode.swift; path = HabitScreen.swift; sourceTree = "<group>"; };
		E104203727DBA16600051F2A /* Assets.xcassets */ = {isa = PBXFileReference; lastKnownFileType = folder.assetcatalog; path = Assets.xcassets; sourceTree = "<group>"; };
		E104203A27DBA16600051F2A /* Preview Assets.xcassets */ = {isa = PBXFileReference; lastKnownFileType = folder.assetcatalog; path = "Preview Assets.xcassets"; sourceTree = "<group>"; };
		E104203C27DBA16600051F2A /* Persistence.swift */ = {isa = PBXFileReference; lastKnownFileType = sourcecode.swift; path = Persistence.swift; sourceTree = "<group>"; };
		E104203F27DBA16600051F2A /* Habit_Tracker.xcdatamodel */ = {isa = PBXFileReference; lastKnownFileType = wrapper.xcdatamodel; path = Habit_Tracker.xcdatamodel; sourceTree = "<group>"; };
		E104204627DBA28600051F2A /* FeelingSleepy+CoreDataClass.swift */ = {isa = PBXFileReference; lastKnownFileType = sourcecode.swift; path = "FeelingSleepy+CoreDataClass.swift"; sourceTree = "<group>"; };
		E104204727DBA28600051F2A /* FeelingSleepy+CoreDataProperties.swift */ = {isa = PBXFileReference; lastKnownFileType = sourcecode.swift; path = "FeelingSleepy+CoreDataProperties.swift"; sourceTree = "<group>"; };
		E104205027DBA3FC00051F2A /* Intents.framework */ = {isa = PBXFileReference; lastKnownFileType = wrapper.framework; name = Intents.framework; path = System/Library/Frameworks/Intents.framework; sourceTree = SDKROOT; };
		E104206327DBA43600051F2A /* HabitIntents.appex */ = {isa = PBXFileReference; explicitFileType = "wrapper.app-extension"; includeInIndex = 0; path = HabitIntents.appex; sourceTree = BUILT_PRODUCTS_DIR; };
		E104206627DBA43600051F2A /* IntentHandler.swift */ = {isa = PBXFileReference; lastKnownFileType = sourcecode.swift; path = IntentHandler.swift; sourceTree = "<group>"; };
		E104206827DBA43600051F2A /* Info.plist */ = {isa = PBXFileReference; lastKnownFileType = text.plist.xml; path = Info.plist; sourceTree = "<group>"; };
		E104206F27DBA44100051F2A /* Intents.intentdefinition */ = {isa = PBXFileReference; lastKnownFileType = file.intentdefinition; path = Intents.intentdefinition; sourceTree = "<group>"; };
		E104207127DBA5AF00051F2A /* Habit Tracker.entitlements */ = {isa = PBXFileReference; lastKnownFileType = text.plist.entitlements; path = "Habit Tracker.entitlements"; sourceTree = "<group>"; };
		E104207327DBACE200051F2A /* Habit-Tracker-Info.plist */ = {isa = PBXFileReference; lastKnownFileType = text.plist; path = "Habit-Tracker-Info.plist"; sourceTree = SOURCE_ROOT; };
		E10AFC0A27DF18D5000965D9 /* FilePicker.swift */ = {isa = PBXFileReference; lastKnownFileType = sourcecode.swift; path = FilePicker.swift; sourceTree = "<group>"; };
		E12BC20427E2451100580111 /* RemoteStoreAPI.swift */ = {isa = PBXFileReference; lastKnownFileType = sourcecode.swift; path = RemoteStoreAPI.swift; sourceTree = "<group>"; };
		E12BC20627E2488700580111 /* CSVFile.swift */ = {isa = PBXFileReference; lastKnownFileType = sourcecode.swift; path = CSVFile.swift; sourceTree = "<group>"; };
		E12E2C8E27E237FB002AD960 /* KeyPath.swift */ = {isa = PBXFileReference; lastKnownFileType = sourcecode.swift; path = KeyPath.swift; sourceTree = "<group>"; };
		E12E2C9127E23E6B002AD960 /* CollcetedData.swift */ = {isa = PBXFileReference; lastKnownFileType = sourcecode.swift; path = CollcetedData.swift; sourceTree = "<group>"; };
		E16A9EA327E0E01A007092CD /* AppDelegate.swift */ = {isa = PBXFileReference; lastKnownFileType = sourcecode.swift; path = AppDelegate.swift; sourceTree = "<group>"; };
		E16A9EA927E0F51D007092CD /* Networking.swift */ = {isa = PBXFileReference; lastKnownFileType = sourcecode.swift; path = Networking.swift; sourceTree = "<group>"; };
		E184F4E027E5ACE100BB2F2C /* Spinner.swift */ = {isa = PBXFileReference; lastKnownFileType = sourcecode.swift; path = Spinner.swift; sourceTree = "<group>"; };
		E184F4E227E5AEC800BB2F2C /* AlertContent.swift */ = {isa = PBXFileReference; lastKnownFileType = sourcecode.swift; path = AlertContent.swift; sourceTree = "<group>"; };
		E184F4E427E5B0F000BB2F2C /* ReportsScreen.swift */ = {isa = PBXFileReference; lastKnownFileType = sourcecode.swift; path = ReportsScreen.swift; sourceTree = "<group>"; };
		E184F4E627E5BA1E00BB2F2C /* PDFView.swift */ = {isa = PBXFileReference; lastKnownFileType = sourcecode.swift; path = PDFView.swift; sourceTree = "<group>"; };
		E1CD70E827DDDD630098DE0B /* HealthKit.swift */ = {isa = PBXFileReference; lastKnownFileType = sourcecode.swift; path = HealthKit.swift; sourceTree = "<group>"; };
		E1CD70EA27DDE7850098DE0B /* HealthKit.framework */ = {isa = PBXFileReference; lastKnownFileType = wrapper.framework; name = HealthKit.framework; path = System/Library/Frameworks/HealthKit.framework; sourceTree = SDKROOT; };
		E1CD70EC27DDEF6A0098DE0B /* CollectedDataScreen.swift */ = {isa = PBXFileReference; lastKnownFileType = sourcecode.swift; path = CollectedDataScreen.swift; sourceTree = "<group>"; };
		E1CD70EE27DDEFB00098DE0B /* HabitViewModel.swift */ = {isa = PBXFileReference; lastKnownFileType = sourcecode.swift; path = HabitViewModel.swift; sourceTree = "<group>"; };
		E1E7BBF227DBB6AA0062B219 /* HabitIntents.entitlements */ = {isa = PBXFileReference; lastKnownFileType = text.plist.entitlements; path = HabitIntents.entitlements; sourceTree = "<group>"; };
/* End PBXFileReference section */

/* Begin PBXFrameworksBuildPhase section */
		E104202D27DBA16500051F2A /* Frameworks */ = {
			isa = PBXFrameworksBuildPhase;
			buildActionMask = 2147483647;
			files = (
				E16A9EA827E0E8FD007092CD /* Moya in Frameworks */,
				E1CD70EB27DDE7850098DE0B /* HealthKit.framework in Frameworks */,
			);
			runOnlyForDeploymentPostprocessing = 0;
		};
		E104206027DBA43600051F2A /* Frameworks */ = {
			isa = PBXFrameworksBuildPhase;
			buildActionMask = 2147483647;
			files = (
				E104206427DBA43600051F2A /* Intents.framework in Frameworks */,
			);
			runOnlyForDeploymentPostprocessing = 0;
		};
/* End PBXFrameworksBuildPhase section */

/* Begin PBXGroup section */
		E104202727DBA16500051F2A = {
			isa = PBXGroup;
			children = (
				E104203227DBA16500051F2A /* Habit Tracker */,
				E104206527DBA43600051F2A /* HabitIntents */,
				E104204F27DBA3FC00051F2A /* Frameworks */,
				E104203127DBA16500051F2A /* Products */,
			);
			sourceTree = "<group>";
		};
		E104203127DBA16500051F2A /* Products */ = {
			isa = PBXGroup;
			children = (
				E104203027DBA16500051F2A /* Habit Tracker.app */,
				E104206327DBA43600051F2A /* HabitIntents.appex */,
			);
			name = Products;
			sourceTree = "<group>";
		};
		E104203227DBA16500051F2A /* Habit Tracker */ = {
			isa = PBXGroup;
			children = (
				E16A9EA327E0E01A007092CD /* AppDelegate.swift */,
				E104203327DBA16500051F2A /* Habit_TrackerApp.swift */,
				E1CD70EE27DDEFB00098DE0B /* HabitViewModel.swift */,
				E104203527DBA16500051F2A /* HabitScreen.swift */,
				E184F4E427E5B0F000BB2F2C /* ReportsScreen.swift */,
				E12E2C9027E237FE002AD960 /* Common */,
				E10AFC0C27DF18DB000965D9 /* CommonUI */,
				E1CD70F027DDEFCC0098DE0B /* Services */,
				E12E2C9327E23E7A002AD960 /* Icebox */,
				E104203727DBA16600051F2A /* Assets.xcassets */,
				E104207327DBACE200051F2A /* Habit-Tracker-Info.plist */,
				E104207127DBA5AF00051F2A /* Habit Tracker.entitlements */,
				E104203927DBA16600051F2A /* Preview Content */,
			);
			path = "Habit Tracker";
			sourceTree = "<group>";
		};
		E104203927DBA16600051F2A /* Preview Content */ = {
			isa = PBXGroup;
			children = (
				E104203A27DBA16600051F2A /* Preview Assets.xcassets */,
			);
			path = "Preview Content";
			sourceTree = "<group>";
		};
		E104204F27DBA3FC00051F2A /* Frameworks */ = {
			isa = PBXGroup;
			children = (
				E1CD70EA27DDE7850098DE0B /* HealthKit.framework */,
				E104205027DBA3FC00051F2A /* Intents.framework */,
			);
			name = Frameworks;
			sourceTree = "<group>";
		};
		E104206527DBA43600051F2A /* HabitIntents */ = {
			isa = PBXGroup;
			children = (
				E1E7BBF227DBB6AA0062B219 /* HabitIntents.entitlements */,
				E104206627DBA43600051F2A /* IntentHandler.swift */,
				E104206F27DBA44100051F2A /* Intents.intentdefinition */,
				E104206827DBA43600051F2A /* Info.plist */,
			);
			path = HabitIntents;
			sourceTree = "<group>";
		};
		E10AFC0C27DF18DB000965D9 /* CommonUI */ = {
			isa = PBXGroup;
			children = (
				E1CD70EC27DDEF6A0098DE0B /* CollectedDataScreen.swift */,
				E10AFC0A27DF18D5000965D9 /* FilePicker.swift */,
				E184F4E027E5ACE100BB2F2C /* Spinner.swift */,
				E184F4E227E5AEC800BB2F2C /* AlertContent.swift */,
				E184F4E627E5BA1E00BB2F2C /* PDFView.swift */,
			);
			path = CommonUI;
			sourceTree = "<group>";
		};
		E12E2C9027E237FE002AD960 /* Common */ = {
			isa = PBXGroup;
			children = (
				E12E2C8E27E237FB002AD960 /* KeyPath.swift */,
				E12BC20627E2488700580111 /* CSVFile.swift */,
			);
			path = Common;
			sourceTree = "<group>";
		};
		E12E2C9327E23E7A002AD960 /* Icebox */ = {
			isa = PBXGroup;
			children = (
				E12E2C9127E23E6B002AD960 /* CollcetedData.swift */,
			);
			path = Icebox;
			sourceTree = "<group>";
		};
		E1CD70E727DDDCFD0098DE0B /* CoreData */ = {
			isa = PBXGroup;
			children = (
				E104203E27DBA16600051F2A /* Habit_Tracker.xcdatamodeld */,
				E104204627DBA28600051F2A /* FeelingSleepy+CoreDataClass.swift */,
				E104204727DBA28600051F2A /* FeelingSleepy+CoreDataProperties.swift */,
			);
			path = CoreData;
			sourceTree = "<group>";
		};
		E1CD70F027DDEFCC0098DE0B /* Services */ = {
			isa = PBXGroup;
			children = (
				E16A9EA927E0F51D007092CD /* Networking.swift */,
				E12BC20427E2451100580111 /* RemoteStoreAPI.swift */,
				E1CD70E827DDDD630098DE0B /* HealthKit.swift */,
				E104203C27DBA16600051F2A /* Persistence.swift */,
				E1CD70E727DDDCFD0098DE0B /* CoreData */,
			);
			path = Services;
			sourceTree = "<group>";
		};
/* End PBXGroup section */

/* Begin PBXNativeTarget section */
		E104202F27DBA16500051F2A /* Habit Tracker */ = {
			isa = PBXNativeTarget;
			buildConfigurationList = E104204327DBA16600051F2A /* Build configuration list for PBXNativeTarget "Habit Tracker" */;
			buildPhases = (
				E104202C27DBA16500051F2A /* Sources */,
				E104202D27DBA16500051F2A /* Frameworks */,
				E104202E27DBA16500051F2A /* Resources */,
				E104205C27DBA3FC00051F2A /* Embed App Extensions */,
			);
			buildRules = (
			);
			dependencies = (
				E104206A27DBA43600051F2A /* PBXTargetDependency */,
			);
			name = "Habit Tracker";
			packageProductDependencies = (
				E16A9EA727E0E8FD007092CD /* Moya */,
			);
			productName = "Habit Tracker";
			productReference = E104203027DBA16500051F2A /* Habit Tracker.app */;
			productType = "com.apple.product-type.application";
		};
		E104206227DBA43600051F2A /* HabitIntents */ = {
			isa = PBXNativeTarget;
			buildConfigurationList = E104206C27DBA43600051F2A /* Build configuration list for PBXNativeTarget "HabitIntents" */;
			buildPhases = (
				E104205F27DBA43600051F2A /* Sources */,
				E104206027DBA43600051F2A /* Frameworks */,
				E104206127DBA43600051F2A /* Resources */,
			);
			buildRules = (
			);
			dependencies = (
			);
			name = HabitIntents;
			productName = HabitIntents;
			productReference = E104206327DBA43600051F2A /* HabitIntents.appex */;
			productType = "com.apple.product-type.app-extension";
		};
/* End PBXNativeTarget section */

/* Begin PBXProject section */
		E104202827DBA16500051F2A /* Project object */ = {
			isa = PBXProject;
			attributes = {
				BuildIndependentTargetsInParallel = 1;
				LastSwiftUpdateCheck = 1320;
				LastUpgradeCheck = 1320;
				TargetAttributes = {
					E104202F27DBA16500051F2A = {
						CreatedOnToolsVersion = 13.2.1;
					};
					E104206227DBA43600051F2A = {
						CreatedOnToolsVersion = 13.2.1;
					};
				};
			};
			buildConfigurationList = E104202B27DBA16500051F2A /* Build configuration list for PBXProject "Habit Tracker" */;
			compatibilityVersion = "Xcode 13.0";
			developmentRegion = en;
			hasScannedForEncodings = 0;
			knownRegions = (
				en,
				Base,
			);
			mainGroup = E104202727DBA16500051F2A;
			packageReferences = (
				E16A9EA627E0E8FD007092CD /* XCRemoteSwiftPackageReference "Moya" */,
			);
			productRefGroup = E104203127DBA16500051F2A /* Products */;
			projectDirPath = "";
			projectRoot = "";
			targets = (
				E104202F27DBA16500051F2A /* Habit Tracker */,
				E104206227DBA43600051F2A /* HabitIntents */,
			);
		};
/* End PBXProject section */

/* Begin PBXResourcesBuildPhase section */
		E104202E27DBA16500051F2A /* Resources */ = {
			isa = PBXResourcesBuildPhase;
			buildActionMask = 2147483647;
			files = (
				E104203B27DBA16600051F2A /* Preview Assets.xcassets in Resources */,
				E104203827DBA16600051F2A /* Assets.xcassets in Resources */,
			);
			runOnlyForDeploymentPostprocessing = 0;
		};
		E104206127DBA43600051F2A /* Resources */ = {
			isa = PBXResourcesBuildPhase;
			buildActionMask = 2147483647;
			files = (
			);
			runOnlyForDeploymentPostprocessing = 0;
		};
/* End PBXResourcesBuildPhase section */

/* Begin PBXSourcesBuildPhase section */
		E104202C27DBA16500051F2A /* Sources */ = {
			isa = PBXSourcesBuildPhase;
			buildActionMask = 2147483647;
			files = (
				E184F4E327E5AEC800BB2F2C /* AlertContent.swift in Sources */,
				E12BC20527E2451100580111 /* RemoteStoreAPI.swift in Sources */,
				E184F4E527E5B0F000BB2F2C /* ReportsScreen.swift in Sources */,
				E16A9EA427E0E01A007092CD /* AppDelegate.swift in Sources */,
				E1CD70E927DDDD630098DE0B /* HealthKit.swift in Sources */,
				E12E2C8F27E237FB002AD960 /* KeyPath.swift in Sources */,
				E12BC20727E2488700580111 /* CSVFile.swift in Sources */,
				E104207227DBAC5800051F2A /* Intents.intentdefinition in Sources */,
				E16A9EAA27E0F51D007092CD /* Networking.swift in Sources */,
				E104203D27DBA16600051F2A /* Persistence.swift in Sources */,
				E104204027DBA16600051F2A /* Habit_Tracker.xcdatamodeld in Sources */,
				E104203627DBA16500051F2A /* HabitScreen.swift in Sources */,
				E104203427DBA16500051F2A /* Habit_TrackerApp.swift in Sources */,
				E184F4E727E5BA1E00BB2F2C /* PDFView.swift in Sources */,
				E1CD70ED27DDEF6A0098DE0B /* CollectedDataScreen.swift in Sources */,
				E1CD70EF27DDEFB00098DE0B /* HabitViewModel.swift in Sources */,
				E10AFC0B27DF18D5000965D9 /* FilePicker.swift in Sources */,
				E104204827DBA28600051F2A /* FeelingSleepy+CoreDataClass.swift in Sources */,
				E104204927DBA28600051F2A /* FeelingSleepy+CoreDataProperties.swift in Sources */,
				E184F4E127E5ACE100BB2F2C /* Spinner.swift in Sources */,
			);
			runOnlyForDeploymentPostprocessing = 0;
		};
		E104205F27DBA43600051F2A /* Sources */ = {
			isa = PBXSourcesBuildPhase;
			buildActionMask = 2147483647;
			files = (
				E104207427DBB2F200051F2A /* Persistence.swift in Sources */,
				E104207527DBB2F600051F2A /* FeelingSleepy+CoreDataProperties.swift in Sources */,
				E104207027DBA44100051F2A /* Intents.intentdefinition in Sources */,
				E104207727DBB4B400051F2A /* Habit_Tracker.xcdatamodeld in Sources */,
				E104206727DBA43600051F2A /* IntentHandler.swift in Sources */,
				E104207627DBB2F600051F2A /* FeelingSleepy+CoreDataClass.swift in Sources */,
			);
			runOnlyForDeploymentPostprocessing = 0;
		};
/* End PBXSourcesBuildPhase section */

/* Begin PBXTargetDependency section */
		E104206A27DBA43600051F2A /* PBXTargetDependency */ = {
			isa = PBXTargetDependency;
			target = E104206227DBA43600051F2A /* HabitIntents */;
			targetProxy = E104206927DBA43600051F2A /* PBXContainerItemProxy */;
		};
/* End PBXTargetDependency section */

/* Begin XCBuildConfiguration section */
		E104204127DBA16600051F2A /* Debug */ = {
			isa = XCBuildConfiguration;
			buildSettings = {
				ALWAYS_SEARCH_USER_PATHS = NO;
				CLANG_ANALYZER_NONNULL = YES;
				CLANG_ANALYZER_NUMBER_OBJECT_CONVERSION = YES_AGGRESSIVE;
				CLANG_CXX_LANGUAGE_STANDARD = "gnu++17";
				CLANG_CXX_LIBRARY = "libc++";
				CLANG_ENABLE_MODULES = YES;
				CLANG_ENABLE_OBJC_ARC = YES;
				CLANG_ENABLE_OBJC_WEAK = YES;
				CLANG_WARN_BLOCK_CAPTURE_AUTORELEASING = YES;
				CLANG_WARN_BOOL_CONVERSION = YES;
				CLANG_WARN_COMMA = YES;
				CLANG_WARN_CONSTANT_CONVERSION = YES;
				CLANG_WARN_DEPRECATED_OBJC_IMPLEMENTATIONS = YES;
				CLANG_WARN_DIRECT_OBJC_ISA_USAGE = YES_ERROR;
				CLANG_WARN_DOCUMENTATION_COMMENTS = YES;
				CLANG_WARN_EMPTY_BODY = YES;
				CLANG_WARN_ENUM_CONVERSION = YES;
				CLANG_WARN_INFINITE_RECURSION = YES;
				CLANG_WARN_INT_CONVERSION = YES;
				CLANG_WARN_NON_LITERAL_NULL_CONVERSION = YES;
				CLANG_WARN_OBJC_IMPLICIT_RETAIN_SELF = YES;
				CLANG_WARN_OBJC_LITERAL_CONVERSION = YES;
				CLANG_WARN_OBJC_ROOT_CLASS = YES_ERROR;
				CLANG_WARN_QUOTED_INCLUDE_IN_FRAMEWORK_HEADER = YES;
				CLANG_WARN_RANGE_LOOP_ANALYSIS = YES;
				CLANG_WARN_STRICT_PROTOTYPES = YES;
				CLANG_WARN_SUSPICIOUS_MOVE = YES;
				CLANG_WARN_UNGUARDED_AVAILABILITY = YES_AGGRESSIVE;
				CLANG_WARN_UNREACHABLE_CODE = YES;
				CLANG_WARN__DUPLICATE_METHOD_MATCH = YES;
				COPY_PHASE_STRIP = NO;
				DEBUG_INFORMATION_FORMAT = dwarf;
				ENABLE_STRICT_OBJC_MSGSEND = YES;
				ENABLE_TESTABILITY = YES;
				GCC_C_LANGUAGE_STANDARD = gnu11;
				GCC_DYNAMIC_NO_PIC = NO;
				GCC_NO_COMMON_BLOCKS = YES;
				GCC_OPTIMIZATION_LEVEL = 0;
				GCC_PREPROCESSOR_DEFINITIONS = (
					"DEBUG=1",
					"$(inherited)",
				);
				GCC_WARN_64_TO_32_BIT_CONVERSION = YES;
				GCC_WARN_ABOUT_RETURN_TYPE = YES_ERROR;
				GCC_WARN_UNDECLARED_SELECTOR = YES;
				GCC_WARN_UNINITIALIZED_AUTOS = YES_AGGRESSIVE;
				GCC_WARN_UNUSED_FUNCTION = YES;
				GCC_WARN_UNUSED_VARIABLE = YES;
				IPHONEOS_DEPLOYMENT_TARGET = 15.2;
				MTL_ENABLE_DEBUG_INFO = INCLUDE_SOURCE;
				MTL_FAST_MATH = YES;
				ONLY_ACTIVE_ARCH = YES;
				SDKROOT = iphoneos;
				SWIFT_ACTIVE_COMPILATION_CONDITIONS = DEBUG;
				SWIFT_OPTIMIZATION_LEVEL = "-Onone";
			};
			name = Debug;
		};
		E104204227DBA16600051F2A /* Release */ = {
			isa = XCBuildConfiguration;
			buildSettings = {
				ALWAYS_SEARCH_USER_PATHS = NO;
				CLANG_ANALYZER_NONNULL = YES;
				CLANG_ANALYZER_NUMBER_OBJECT_CONVERSION = YES_AGGRESSIVE;
				CLANG_CXX_LANGUAGE_STANDARD = "gnu++17";
				CLANG_CXX_LIBRARY = "libc++";
				CLANG_ENABLE_MODULES = YES;
				CLANG_ENABLE_OBJC_ARC = YES;
				CLANG_ENABLE_OBJC_WEAK = YES;
				CLANG_WARN_BLOCK_CAPTURE_AUTORELEASING = YES;
				CLANG_WARN_BOOL_CONVERSION = YES;
				CLANG_WARN_COMMA = YES;
				CLANG_WARN_CONSTANT_CONVERSION = YES;
				CLANG_WARN_DEPRECATED_OBJC_IMPLEMENTATIONS = YES;
				CLANG_WARN_DIRECT_OBJC_ISA_USAGE = YES_ERROR;
				CLANG_WARN_DOCUMENTATION_COMMENTS = YES;
				CLANG_WARN_EMPTY_BODY = YES;
				CLANG_WARN_ENUM_CONVERSION = YES;
				CLANG_WARN_INFINITE_RECURSION = YES;
				CLANG_WARN_INT_CONVERSION = YES;
				CLANG_WARN_NON_LITERAL_NULL_CONVERSION = YES;
				CLANG_WARN_OBJC_IMPLICIT_RETAIN_SELF = YES;
				CLANG_WARN_OBJC_LITERAL_CONVERSION = YES;
				CLANG_WARN_OBJC_ROOT_CLASS = YES_ERROR;
				CLANG_WARN_QUOTED_INCLUDE_IN_FRAMEWORK_HEADER = YES;
				CLANG_WARN_RANGE_LOOP_ANALYSIS = YES;
				CLANG_WARN_STRICT_PROTOTYPES = YES;
				CLANG_WARN_SUSPICIOUS_MOVE = YES;
				CLANG_WARN_UNGUARDED_AVAILABILITY = YES_AGGRESSIVE;
				CLANG_WARN_UNREACHABLE_CODE = YES;
				CLANG_WARN__DUPLICATE_METHOD_MATCH = YES;
				COPY_PHASE_STRIP = NO;
				DEBUG_INFORMATION_FORMAT = "dwarf-with-dsym";
				ENABLE_NS_ASSERTIONS = NO;
				ENABLE_STRICT_OBJC_MSGSEND = YES;
				GCC_C_LANGUAGE_STANDARD = gnu11;
				GCC_NO_COMMON_BLOCKS = YES;
				GCC_WARN_64_TO_32_BIT_CONVERSION = YES;
				GCC_WARN_ABOUT_RETURN_TYPE = YES_ERROR;
				GCC_WARN_UNDECLARED_SELECTOR = YES;
				GCC_WARN_UNINITIALIZED_AUTOS = YES_AGGRESSIVE;
				GCC_WARN_UNUSED_FUNCTION = YES;
				GCC_WARN_UNUSED_VARIABLE = YES;
				IPHONEOS_DEPLOYMENT_TARGET = 15.2;
				MTL_ENABLE_DEBUG_INFO = NO;
				MTL_FAST_MATH = YES;
				SDKROOT = iphoneos;
				SWIFT_COMPILATION_MODE = wholemodule;
				SWIFT_OPTIMIZATION_LEVEL = "-O";
				VALIDATE_PRODUCT = YES;
			};
			name = Release;
		};
		E104204427DBA16600051F2A /* Debug */ = {
			isa = XCBuildConfiguration;
			buildSettings = {
				ALWAYS_EMBED_SWIFT_STANDARD_LIBRARIES = YES;
				ASSETCATALOG_COMPILER_APPICON_NAME = AppIcon;
				ASSETCATALOG_COMPILER_GLOBAL_ACCENT_COLOR_NAME = AccentColor;
				CODE_SIGN_ENTITLEMENTS = "Habit Tracker/Habit Tracker.entitlements";
				CODE_SIGN_IDENTITY = "iPhone Developer";
				CODE_SIGN_STYLE = Manual;
				CURRENT_PROJECT_VERSION = 1;
				DEVELOPMENT_ASSET_PATHS = "\"Habit Tracker/Preview Content\"";
				DEVELOPMENT_TEAM = 8U3L6K9JA6;
				ENABLE_PREVIEWS = YES;
				GENERATE_INFOPLIST_FILE = YES;
				INFOPLIST_FILE = "Habit-Tracker-Info.plist";
				INFOPLIST_KEY_NSHealthShareUsageDescription = "Falalala, this is the share usage message";
				INFOPLIST_KEY_NSHealthUpdateUsageDescription = "Falalala, this is the update usage message";
				INFOPLIST_KEY_NSSiriUsageDescription = "Get data";
				INFOPLIST_KEY_UIApplicationSceneManifest_Generation = YES;
				INFOPLIST_KEY_UIApplicationSupportsIndirectInputEvents = YES;
				INFOPLIST_KEY_UILaunchScreen_Generation = YES;
				INFOPLIST_KEY_UISupportedInterfaceOrientations_iPad = "UIInterfaceOrientationPortrait UIInterfaceOrientationPortraitUpsideDown UIInterfaceOrientationLandscapeLeft UIInterfaceOrientationLandscapeRight";
				INFOPLIST_KEY_UISupportedInterfaceOrientations_iPhone = "UIInterfaceOrientationPortrait UIInterfaceOrientationLandscapeLeft UIInterfaceOrientationLandscapeRight";
				LD_RUNPATH_SEARCH_PATHS = (
					"$(inherited)",
					"@executable_path/Frameworks",
				);
				MARKETING_VERSION = 1.0;
				PRODUCT_BUNDLE_IDENTIFIER = "com.linniergames.Habit-Tracker";
				PRODUCT_NAME = "$(TARGET_NAME)";
				PROVISIONING_PROFILE_SPECIFIER = "Habit Tracker Dev Profile";
				SWIFT_EMIT_LOC_STRINGS = YES;
				SWIFT_VERSION = 5.0;
				TARGETED_DEVICE_FAMILY = "1,2";
			};
			name = Debug;
		};
		E104204527DBA16600051F2A /* Release */ = {
			isa = XCBuildConfiguration;
			buildSettings = {
				ALWAYS_EMBED_SWIFT_STANDARD_LIBRARIES = YES;
				ASSETCATALOG_COMPILER_APPICON_NAME = AppIcon;
				ASSETCATALOG_COMPILER_GLOBAL_ACCENT_COLOR_NAME = AccentColor;
				CODE_SIGN_ENTITLEMENTS = "Habit Tracker/Habit Tracker.entitlements";
				CODE_SIGN_IDENTITY = "iPhone Developer";
				CODE_SIGN_STYLE = Manual;
				CURRENT_PROJECT_VERSION = 1;
				DEVELOPMENT_ASSET_PATHS = "\"Habit Tracker/Preview Content\"";
				DEVELOPMENT_TEAM = 8U3L6K9JA6;
				ENABLE_PREVIEWS = YES;
				GENERATE_INFOPLIST_FILE = YES;
				INFOPLIST_FILE = "Habit-Tracker-Info.plist";
				INFOPLIST_KEY_NSHealthShareUsageDescription = "Falalala, this is the share usage message";
				INFOPLIST_KEY_NSHealthUpdateUsageDescription = "Falalala, this is the update usage message";
				INFOPLIST_KEY_NSSiriUsageDescription = "Get data";
				INFOPLIST_KEY_UIApplicationSceneManifest_Generation = YES;
				INFOPLIST_KEY_UIApplicationSupportsIndirectInputEvents = YES;
				INFOPLIST_KEY_UILaunchScreen_Generation = YES;
				INFOPLIST_KEY_UISupportedInterfaceOrientations_iPad = "UIInterfaceOrientationPortrait UIInterfaceOrientationPortraitUpsideDown UIInterfaceOrientationLandscapeLeft UIInterfaceOrientationLandscapeRight";
				INFOPLIST_KEY_UISupportedInterfaceOrientations_iPhone = "UIInterfaceOrientationPortrait UIInterfaceOrientationLandscapeLeft UIInterfaceOrientationLandscapeRight";
				LD_RUNPATH_SEARCH_PATHS = (
					"$(inherited)",
					"@executable_path/Frameworks",
				);
				MARKETING_VERSION = 1.0;
				PRODUCT_BUNDLE_IDENTIFIER = "com.linniergames.Habit-Tracker";
				PRODUCT_NAME = "$(TARGET_NAME)";
				PROVISIONING_PROFILE_SPECIFIER = "Habit Tracker Dev Profile";
				SWIFT_EMIT_LOC_STRINGS = YES;
				SWIFT_VERSION = 5.0;
				TARGETED_DEVICE_FAMILY = "1,2";
			};
			name = Release;
		};
		E104206D27DBA43600051F2A /* Debug */ = {
			isa = XCBuildConfiguration;
			buildSettings = {
				CODE_SIGN_ENTITLEMENTS = HabitIntents/HabitIntents.entitlements;
				CODE_SIGN_IDENTITY = "Apple Development";
				CODE_SIGN_STYLE = Automatic;
				CURRENT_PROJECT_VERSION = 1;
				DEVELOPMENT_TEAM = 8U3L6K9JA6;
				GENERATE_INFOPLIST_FILE = YES;
				INFOPLIST_FILE = HabitIntents/Info.plist;
				INFOPLIST_KEY_CFBundleDisplayName = HabitIntents;
				INFOPLIST_KEY_NSHumanReadableCopyright = "";
				LD_RUNPATH_SEARCH_PATHS = (
					"$(inherited)",
					"@executable_path/Frameworks",
					"@executable_path/../../Frameworks",
				);
				MARKETING_VERSION = 1.0;
				PRODUCT_BUNDLE_IDENTIFIER = "com.linniergames.Habit-Tracker.HabitIntents";
				PRODUCT_NAME = "$(TARGET_NAME)";
				PROVISIONING_PROFILE_SPECIFIER = "";
				SKIP_INSTALL = YES;
				SWIFT_EMIT_LOC_STRINGS = YES;
				SWIFT_VERSION = 5.0;
				TARGETED_DEVICE_FAMILY = "1,2";
			};
			name = Debug;
		};
		E104206E27DBA43600051F2A /* Release */ = {
			isa = XCBuildConfiguration;
			buildSettings = {
				CODE_SIGN_ENTITLEMENTS = HabitIntents/HabitIntents.entitlements;
				CODE_SIGN_IDENTITY = "Apple Development";
				CODE_SIGN_STYLE = Automatic;
				CURRENT_PROJECT_VERSION = 1;
				DEVELOPMENT_TEAM = "";
				GENERATE_INFOPLIST_FILE = YES;
				INFOPLIST_FILE = HabitIntents/Info.plist;
				INFOPLIST_KEY_CFBundleDisplayName = HabitIntents;
				INFOPLIST_KEY_NSHumanReadableCopyright = "";
				LD_RUNPATH_SEARCH_PATHS = (
					"$(inherited)",
					"@executable_path/Frameworks",
					"@executable_path/../../Frameworks",
				);
				MARKETING_VERSION = 1.0;
				PRODUCT_BUNDLE_IDENTIFIER = "com.linniergames.Habit-Tracker.HabitIntents";
				PRODUCT_NAME = "$(TARGET_NAME)";
				PROVISIONING_PROFILE_SPECIFIER = "";
				SKIP_INSTALL = YES;
				SWIFT_EMIT_LOC_STRINGS = YES;
				SWIFT_VERSION = 5.0;
				TARGETED_DEVICE_FAMILY = "1,2";
			};
			name = Release;
		};
/* End XCBuildConfiguration section */

/* Begin XCConfigurationList section */
		E104202B27DBA16500051F2A /* Build configuration list for PBXProject "Habit Tracker" */ = {
			isa = XCConfigurationList;
			buildConfigurations = (
				E104204127DBA16600051F2A /* Debug */,
				E104204227DBA16600051F2A /* Release */,
			);
			defaultConfigurationIsVisible = 0;
			defaultConfigurationName = Release;
		};
		E104204327DBA16600051F2A /* Build configuration list for PBXNativeTarget "Habit Tracker" */ = {
			isa = XCConfigurationList;
			buildConfigurations = (
				E104204427DBA16600051F2A /* Debug */,
				E104204527DBA16600051F2A /* Release */,
			);
			defaultConfigurationIsVisible = 0;
			defaultConfigurationName = Release;
		};
		E104206C27DBA43600051F2A /* Build configuration list for PBXNativeTarget "HabitIntents" */ = {
			isa = XCConfigurationList;
			buildConfigurations = (
				E104206D27DBA43600051F2A /* Debug */,
				E104206E27DBA43600051F2A /* Release */,
			);
			defaultConfigurationIsVisible = 0;
			defaultConfigurationName = Release;
		};
/* End XCConfigurationList section */

/* Begin XCRemoteSwiftPackageReference section */
		E16A9EA627E0E8FD007092CD /* XCRemoteSwiftPackageReference "Moya" */ = {
			isa = XCRemoteSwiftPackageReference;
			repositoryURL = "https://github.com/Moya/Moya.git";
			requirement = {
				branch = master;
				kind = branch;
			};
		};
/* End XCRemoteSwiftPackageReference section */

/* Begin XCSwiftPackageProductDependency section */
		E16A9EA727E0E8FD007092CD /* Moya */ = {
			isa = XCSwiftPackageProductDependency;
			package = E16A9EA627E0E8FD007092CD /* XCRemoteSwiftPackageReference "Moya" */;
			productName = Moya;
		};
/* End XCSwiftPackageProductDependency section */

/* Begin XCVersionGroup section */
		E104203E27DBA16600051F2A /* Habit_Tracker.xcdatamodeld */ = {
			isa = XCVersionGroup;
			children = (
				E104203F27DBA16600051F2A /* Habit_Tracker.xcdatamodel */,
			);
			currentVersion = E104203F27DBA16600051F2A /* Habit_Tracker.xcdatamodel */;
			path = Habit_Tracker.xcdatamodeld;
			sourceTree = "<group>";
			versionGroupType = wrapper.xcdatamodel;
		};
/* End XCVersionGroup section */
	};
	rootObject = E104202827DBA16500051F2A /* Project object */;
}
