// !$*UTF8*$!
{
	archiveVersion = 1;
	classes = {
	};
	objectVersion = 55;
	objects = {

/* Begin PBXBuildFile section */
		E104203427DBA16500051F2A /* Habit_TrackerApp.swift in Sources */ = {isa = PBXBuildFile; fileRef = E104203327DBA16500051F2A /* Habit_TrackerApp.swift */; };
		E104203627DBA16500051F2A /* DataCollectorScreen.swift in Sources */ = {isa = PBXBuildFile; fileRef = E104203527DBA16500051F2A /* DataCollectorScreen.swift */; };
		E104203827DBA16600051F2A /* Assets.xcassets in Resources */ = {isa = PBXBuildFile; fileRef = E104203727DBA16600051F2A /* Assets.xcassets */; };
		E104203B27DBA16600051F2A /* Preview Assets.xcassets in Resources */ = {isa = PBXBuildFile; fileRef = E104203A27DBA16600051F2A /* Preview Assets.xcassets */; };
		E104203D27DBA16600051F2A /* Persistence.swift in Sources */ = {isa = PBXBuildFile; fileRef = E104203C27DBA16600051F2A /* Persistence.swift */; };
		E104204027DBA16600051F2A /* Habit_Tracker.xcdatamodeld in Sources */ = {isa = PBXBuildFile; fileRef = E104203E27DBA16600051F2A /* Habit_Tracker.xcdatamodeld */; };
		E104204827DBA28600051F2A /* FeelingSleepy+CoreDataClass.swift in Sources */ = {isa = PBXBuildFile; fileRef = E104204627DBA28600051F2A /* FeelingSleepy+CoreDataClass.swift */; };
		E104204927DBA28600051F2A /* FeelingSleepy+CoreDataProperties.swift in Sources */ = {isa = PBXBuildFile; fileRef = E104204727DBA28600051F2A /* FeelingSleepy+CoreDataProperties.swift */; };
		E104206427DBA43600051F2A /* Intents.framework in Frameworks */ = {isa = PBXBuildFile; fileRef = E104205027DBA3FC00051F2A /* Intents.framework */; };
		E104206727DBA43600051F2A /* IntentHandler.swift in Sources */ = {isa = PBXBuildFile; fileRef = E104206627DBA43600051F2A /* IntentHandler.swift */; };
		E104206B27DBA43600051F2A /* HabitIntents.appex in Embed App Extensions */ = {isa = PBXBuildFile; fileRef = E104206327DBA43600051F2A /* HabitIntents.appex */; settings = {ATTRIBUTES = (RemoveHeadersOnCopy, ); }; };
		E104207027DBA44100051F2A /* Intents.intentdefinition in Sources */ = {isa = PBXBuildFile; fileRef = E104206F27DBA44100051F2A /* Intents.intentdefinition */; };
		E104207227DBAC5800051F2A /* Intents.intentdefinition in Sources */ = {isa = PBXBuildFile; fileRef = E104206F27DBA44100051F2A /* Intents.intentdefinition */; };
		E104207427DBB2F200051F2A /* Persistence.swift in Sources */ = {isa = PBXBuildFile; fileRef = E104203C27DBA16600051F2A /* Persistence.swift */; };
		E104207527DBB2F600051F2A /* FeelingSleepy+CoreDataProperties.swift in Sources */ = {isa = PBXBuildFile; fileRef = E104204727DBA28600051F2A /* FeelingSleepy+CoreDataProperties.swift */; };
		E104207627DBB2F600051F2A /* FeelingSleepy+CoreDataClass.swift in Sources */ = {isa = PBXBuildFile; fileRef = E104204627DBA28600051F2A /* FeelingSleepy+CoreDataClass.swift */; };
		E104207727DBB4B400051F2A /* Habit_Tracker.xcdatamodeld in Sources */ = {isa = PBXBuildFile; fileRef = E104203E27DBA16600051F2A /* Habit_Tracker.xcdatamodeld */; };
		E10AFC0B27DF18D5000965D9 /* FilePicker.swift in Sources */ = {isa = PBXBuildFile; fileRef = E10AFC0A27DF18D5000965D9 /* FilePicker.swift */; };
		E11A949C2977BAB500FDCE41 /* HabitDetailsSettingsScreen.swift in Sources */ = {isa = PBXBuildFile; fileRef = E11A949B2977BAB500FDCE41 /* HabitDetailsSettingsScreen.swift */; };
		E11A949E2977BD1100FDCE41 /* Binding+Helpers.swift in Sources */ = {isa = PBXBuildFile; fileRef = E11A949D2977BD1100FDCE41 /* Binding+Helpers.swift */; };
		E11A94A02977CD2400FDCE41 /* TodayScreen.swift in Sources */ = {isa = PBXBuildFile; fileRef = E11A949F2977CD2400FDCE41 /* TodayScreen.swift */; };
		E11A94A22977CFE900FDCE41 /* Button+Helpers.swift in Sources */ = {isa = PBXBuildFile; fileRef = E11A94A12977CFE900FDCE41 /* Button+Helpers.swift */; };
		E11A94A42977D17100FDCE41 /* Trackers.swift in Sources */ = {isa = PBXBuildFile; fileRef = E11A94A32977D17100FDCE41 /* Trackers.swift */; };
		E11A94A6297A53AA00FDCE41 /* Goals.swift in Sources */ = {isa = PBXBuildFile; fileRef = E11A94A5297A53AA00FDCE41 /* Goals.swift */; };
		E11A94A8297A53D600FDCE41 /* NSSet.swift in Sources */ = {isa = PBXBuildFile; fileRef = E11A94A7297A53D600FDCE41 /* NSSet.swift */; };
		E11A94B0297A628D00FDCE41 /* GoalHabitChartPickerScreen.swift in Sources */ = {isa = PBXBuildFile; fileRef = E11A94AF297A628D00FDCE41 /* GoalHabitChartPickerScreen.swift */; };
		E11A94B2297A647C00FDCE41 /* Charts.swift in Sources */ = {isa = PBXBuildFile; fileRef = E11A94B1297A647C00FDCE41 /* Charts.swift */; };
		E12BC20527E2451100580111 /* RemoteStoreAPI.swift in Sources */ = {isa = PBXBuildFile; fileRef = E12BC20427E2451100580111 /* RemoteStoreAPI.swift */; };
		E12BC20727E2488700580111 /* CSVFile.swift in Sources */ = {isa = PBXBuildFile; fileRef = E12BC20627E2488700580111 /* CSVFile.swift */; };
		E12E2C8F27E237FB002AD960 /* KeyPath.swift in Sources */ = {isa = PBXBuildFile; fileRef = E12E2C8E27E237FB002AD960 /* KeyPath.swift */; };
		E13F21AE297330CD00E1D4FD /* HabitsScreen.swift in Sources */ = {isa = PBXBuildFile; fileRef = E13F21AD297330CD00E1D4FD /* HabitsScreen.swift */; };
		E13F21B0297336E300E1D4FD /* ButtonFill.swift in Sources */ = {isa = PBXBuildFile; fileRef = E13F21AF297336E300E1D4FD /* ButtonFill.swift */; };
		E13F21B4297490B400E1D4FD /* TimeInterval+Date.swift in Sources */ = {isa = PBXBuildFile; fileRef = E13F21B3297490B400E1D4FD /* TimeInterval+Date.swift */; };
		E13F21B62974911D00E1D4FD /* Date+Extensions.swift in Sources */ = {isa = PBXBuildFile; fileRef = E13F21B52974911D00E1D4FD /* Date+Extensions.swift */; };
		E13F21B82974FA3100E1D4FD /* SheetLink.swift in Sources */ = {isa = PBXBuildFile; fileRef = E13F21B72974FA3100E1D4FD /* SheetLink.swift */; };
		E13F21BA2974FA4500E1D4FD /* HabitDetailScreen.swift in Sources */ = {isa = PBXBuildFile; fileRef = E13F21B92974FA4500E1D4FD /* HabitDetailScreen.swift */; };
		E13F21BC2974FA6100E1D4FD /* HabitDetailsChartsScreen.swift in Sources */ = {isa = PBXBuildFile; fileRef = E13F21BB2974FA6100E1D4FD /* HabitDetailsChartsScreen.swift */; };
		E13F21BE2974FA7900E1D4FD /* HabitDetailsHistoryScreen.swift in Sources */ = {isa = PBXBuildFile; fileRef = E13F21BD2974FA7900E1D4FD /* HabitDetailsHistoryScreen.swift */; };
		E13F21C02974FA9A00E1D4FD /* ImportDataScreen.swift in Sources */ = {isa = PBXBuildFile; fileRef = E13F21BF2974FA9A00E1D4FD /* ImportDataScreen.swift */; };
		E13F21C22974FAA800E1D4FD /* GoalsScreen.swift in Sources */ = {isa = PBXBuildFile; fileRef = E13F21C12974FAA800E1D4FD /* GoalsScreen.swift */; };
		E13F21C42975284900E1D4FD /* GoalDetailScreen.swift in Sources */ = {isa = PBXBuildFile; fileRef = E13F21C32975284900E1D4FD /* GoalDetailScreen.swift */; };
		E13F21C62975287100E1D4FD /* HabitPickerScreen.swift in Sources */ = {isa = PBXBuildFile; fileRef = E13F21C52975287100E1D4FD /* HabitPickerScreen.swift */; };
		E13F21C82975D5A000E1D4FD /* GoalDetailsChartsScreen.swift in Sources */ = {isa = PBXBuildFile; fileRef = E13F21C72975D5A000E1D4FD /* GoalDetailsChartsScreen.swift */; };
		E13F21CA2975D5B000E1D4FD /* GoalDetailsHabitsScreen.swift in Sources */ = {isa = PBXBuildFile; fileRef = E13F21C92975D5B000E1D4FD /* GoalDetailsHabitsScreen.swift */; };
		E16A9EA427E0E01A007092CD /* AppDelegate.swift in Sources */ = {isa = PBXBuildFile; fileRef = E16A9EA327E0E01A007092CD /* AppDelegate.swift */; };
		E16A9EA827E0E8FD007092CD /* Moya in Frameworks */ = {isa = PBXBuildFile; productRef = E16A9EA727E0E8FD007092CD /* Moya */; };
		E16A9EAA27E0F51D007092CD /* Networking.swift in Sources */ = {isa = PBXBuildFile; fileRef = E16A9EA927E0F51D007092CD /* Networking.swift */; };
		E184F4E127E5ACE100BB2F2C /* Spinner.swift in Sources */ = {isa = PBXBuildFile; fileRef = E184F4E027E5ACE100BB2F2C /* Spinner.swift */; };
		E184F4E327E5AEC800BB2F2C /* AlertContent.swift in Sources */ = {isa = PBXBuildFile; fileRef = E184F4E227E5AEC800BB2F2C /* AlertContent.swift */; };
		E184F4E527E5B0F000BB2F2C /* ReportsScreen.swift in Sources */ = {isa = PBXBuildFile; fileRef = E184F4E427E5B0F000BB2F2C /* ReportsScreen.swift */; };
		E184F4E727E5BA1E00BB2F2C /* PDFView.swift in Sources */ = {isa = PBXBuildFile; fileRef = E184F4E627E5BA1E00BB2F2C /* PDFView.swift */; };
		E19D369B27E6FDE400AF0490 /* View+Helpers.swift in Sources */ = {isa = PBXBuildFile; fileRef = E19D369A27E6FDE400AF0490 /* View+Helpers.swift */; };
		E19D369D27E6FF0D00AF0490 /* ReportsViewModel.swift in Sources */ = {isa = PBXBuildFile; fileRef = E19D369C27E6FF0D00AF0490 /* ReportsViewModel.swift */; };
		E19D369F27E6FF3E00AF0490 /* ReportScreen.swift in Sources */ = {isa = PBXBuildFile; fileRef = E19D369E27E6FF3E00AF0490 /* ReportScreen.swift */; };
		E19D36A127E6FF4C00AF0490 /* ReportViewModel.swift in Sources */ = {isa = PBXBuildFile; fileRef = E19D36A027E6FF4C00AF0490 /* ReportViewModel.swift */; };
		E19D36A327E7008C00AF0490 /* ShareSheet.swift in Sources */ = {isa = PBXBuildFile; fileRef = E19D36A227E7008C00AF0490 /* ShareSheet.swift */; };
		E19D36BD27E83D8800AF0490 /* ShareViewController.swift in Sources */ = {isa = PBXBuildFile; fileRef = E19D36BC27E83D8800AF0490 /* ShareViewController.swift */; };
		E19D36C027E83D8800AF0490 /* MainInterface.storyboard in Resources */ = {isa = PBXBuildFile; fileRef = E19D36BE27E83D8800AF0490 /* MainInterface.storyboard */; };
		E19D36C427E83D8800AF0490 /* HabitImportShareExtension.appex in Embed App Extensions */ = {isa = PBXBuildFile; fileRef = E19D36BA27E83D8800AF0490 /* HabitImportShareExtension.appex */; settings = {ATTRIBUTES = (RemoveHeadersOnCopy, ); }; };
		E1CD70E927DDDD630098DE0B /* HealthKit.swift in Sources */ = {isa = PBXBuildFile; fileRef = E1CD70E827DDDD630098DE0B /* HealthKit.swift */; };
		E1CD70EB27DDE7850098DE0B /* HealthKit.framework in Frameworks */ = {isa = PBXBuildFile; fileRef = E1CD70EA27DDE7850098DE0B /* HealthKit.framework */; };
		E1CD70ED27DDEF6A0098DE0B /* CollectedDataScreen.swift in Sources */ = {isa = PBXBuildFile; fileRef = E1CD70EC27DDEF6A0098DE0B /* CollectedDataScreen.swift */; };
		E1CD70EF27DDEFB00098DE0B /* DataCollectiorViewModel.swift in Sources */ = {isa = PBXBuildFile; fileRef = E1CD70EE27DDEFB00098DE0B /* DataCollectiorViewModel.swift */; };
/* End PBXBuildFile section */

/* Begin PBXContainerItemProxy section */
		E104206927DBA43600051F2A /* PBXContainerItemProxy */ = {
			isa = PBXContainerItemProxy;
			containerPortal = E104202827DBA16500051F2A /* Project object */;
			proxyType = 1;
			remoteGlobalIDString = E104206227DBA43600051F2A;
			remoteInfo = HabitIntents;
		};
		E19D36C227E83D8800AF0490 /* PBXContainerItemProxy */ = {
			isa = PBXContainerItemProxy;
			containerPortal = E104202827DBA16500051F2A /* Project object */;
			proxyType = 1;
			remoteGlobalIDString = E19D36B927E83D8800AF0490;
			remoteInfo = HabitImportShareExtension;
		};
/* End PBXContainerItemProxy section */

/* Begin PBXCopyFilesBuildPhase section */
		E104205C27DBA3FC00051F2A /* Embed App Extensions */ = {
			isa = PBXCopyFilesBuildPhase;
			buildActionMask = 2147483647;
			dstPath = "";
			dstSubfolderSpec = 13;
			files = (
				E19D36C427E83D8800AF0490 /* HabitImportShareExtension.appex in Embed App Extensions */,
				E104206B27DBA43600051F2A /* HabitIntents.appex in Embed App Extensions */,
			);
			name = "Embed App Extensions";
			runOnlyForDeploymentPostprocessing = 0;
		};
/* End PBXCopyFilesBuildPhase section */

/* Begin PBXFileReference section */
		E104203027DBA16500051F2A /* Habit Tracker.app */ = {isa = PBXFileReference; explicitFileType = wrapper.application; includeInIndex = 0; path = "Habit Tracker.app"; sourceTree = BUILT_PRODUCTS_DIR; };
		E104203327DBA16500051F2A /* Habit_TrackerApp.swift */ = {isa = PBXFileReference; lastKnownFileType = sourcecode.swift; path = Habit_TrackerApp.swift; sourceTree = "<group>"; };
		E104203527DBA16500051F2A /* DataCollectorScreen.swift */ = {isa = PBXFileReference; lastKnownFileType = sourcecode.swift; path = DataCollectorScreen.swift; sourceTree = "<group>"; };
		E104203727DBA16600051F2A /* Assets.xcassets */ = {isa = PBXFileReference; lastKnownFileType = folder.assetcatalog; path = Assets.xcassets; sourceTree = "<group>"; };
		E104203A27DBA16600051F2A /* Preview Assets.xcassets */ = {isa = PBXFileReference; lastKnownFileType = folder.assetcatalog; path = "Preview Assets.xcassets"; sourceTree = "<group>"; };
		E104203C27DBA16600051F2A /* Persistence.swift */ = {isa = PBXFileReference; lastKnownFileType = sourcecode.swift; path = Persistence.swift; sourceTree = "<group>"; };
		E104203F27DBA16600051F2A /* Habit_Tracker.xcdatamodel */ = {isa = PBXFileReference; lastKnownFileType = wrapper.xcdatamodel; path = Habit_Tracker.xcdatamodel; sourceTree = "<group>"; };
		E104204627DBA28600051F2A /* FeelingSleepy+CoreDataClass.swift */ = {isa = PBXFileReference; lastKnownFileType = sourcecode.swift; path = "FeelingSleepy+CoreDataClass.swift"; sourceTree = "<group>"; };
		E104204727DBA28600051F2A /* FeelingSleepy+CoreDataProperties.swift */ = {isa = PBXFileReference; lastKnownFileType = sourcecode.swift; path = "FeelingSleepy+CoreDataProperties.swift"; sourceTree = "<group>"; };
		E104205027DBA3FC00051F2A /* Intents.framework */ = {isa = PBXFileReference; lastKnownFileType = wrapper.framework; name = Intents.framework; path = System/Library/Frameworks/Intents.framework; sourceTree = SDKROOT; };
		E104206327DBA43600051F2A /* HabitIntents.appex */ = {isa = PBXFileReference; explicitFileType = "wrapper.app-extension"; includeInIndex = 0; path = HabitIntents.appex; sourceTree = BUILT_PRODUCTS_DIR; };
		E104206627DBA43600051F2A /* IntentHandler.swift */ = {isa = PBXFileReference; lastKnownFileType = sourcecode.swift; path = IntentHandler.swift; sourceTree = "<group>"; };
		E104206827DBA43600051F2A /* Info.plist */ = {isa = PBXFileReference; lastKnownFileType = text.plist.xml; path = Info.plist; sourceTree = "<group>"; };
		E104206F27DBA44100051F2A /* Intents.intentdefinition */ = {isa = PBXFileReference; lastKnownFileType = file.intentdefinition; path = Intents.intentdefinition; sourceTree = "<group>"; };
		E104207127DBA5AF00051F2A /* Habit Tracker.entitlements */ = {isa = PBXFileReference; lastKnownFileType = text.plist.entitlements; path = "Habit Tracker.entitlements"; sourceTree = "<group>"; };
		E104207327DBACE200051F2A /* Habit-Tracker-Info.plist */ = {isa = PBXFileReference; lastKnownFileType = text.plist; path = "Habit-Tracker-Info.plist"; sourceTree = SOURCE_ROOT; };
		E10AFC0A27DF18D5000965D9 /* FilePicker.swift */ = {isa = PBXFileReference; lastKnownFileType = sourcecode.swift; path = FilePicker.swift; sourceTree = "<group>"; };
		E11A949B2977BAB500FDCE41 /* HabitDetailsSettingsScreen.swift */ = {isa = PBXFileReference; lastKnownFileType = sourcecode.swift; path = HabitDetailsSettingsScreen.swift; sourceTree = "<group>"; };
		E11A949D2977BD1100FDCE41 /* Binding+Helpers.swift */ = {isa = PBXFileReference; fileEncoding = 4; lastKnownFileType = sourcecode.swift; path = "Binding+Helpers.swift"; sourceTree = "<group>"; };
		E11A949F2977CD2400FDCE41 /* TodayScreen.swift */ = {isa = PBXFileReference; lastKnownFileType = sourcecode.swift; path = TodayScreen.swift; sourceTree = "<group>"; };
		E11A94A12977CFE900FDCE41 /* Button+Helpers.swift */ = {isa = PBXFileReference; lastKnownFileType = sourcecode.swift; path = "Button+Helpers.swift"; sourceTree = "<group>"; };
		E11A94A32977D17100FDCE41 /* Trackers.swift */ = {isa = PBXFileReference; lastKnownFileType = sourcecode.swift; path = Trackers.swift; sourceTree = "<group>"; };
		E11A94A5297A53AA00FDCE41 /* Goals.swift */ = {isa = PBXFileReference; lastKnownFileType = sourcecode.swift; path = Goals.swift; sourceTree = "<group>"; };
		E11A94A7297A53D600FDCE41 /* NSSet.swift */ = {isa = PBXFileReference; lastKnownFileType = sourcecode.swift; path = NSSet.swift; sourceTree = "<group>"; };
		E11A94AF297A628D00FDCE41 /* GoalHabitChartPickerScreen.swift */ = {isa = PBXFileReference; lastKnownFileType = sourcecode.swift; path = GoalHabitChartPickerScreen.swift; sourceTree = "<group>"; };
		E11A94B1297A647C00FDCE41 /* Charts.swift */ = {isa = PBXFileReference; lastKnownFileType = sourcecode.swift; path = Charts.swift; sourceTree = "<group>"; };
		E12BC20427E2451100580111 /* RemoteStoreAPI.swift */ = {isa = PBXFileReference; lastKnownFileType = sourcecode.swift; path = RemoteStoreAPI.swift; sourceTree = "<group>"; };
		E12BC20627E2488700580111 /* CSVFile.swift */ = {isa = PBXFileReference; lastKnownFileType = sourcecode.swift; path = CSVFile.swift; sourceTree = "<group>"; };
		E12E2C8E27E237FB002AD960 /* KeyPath.swift */ = {isa = PBXFileReference; lastKnownFileType = sourcecode.swift; path = KeyPath.swift; sourceTree = "<group>"; };
		E12E2C9127E23E6B002AD960 /* CollcetedData.swift */ = {isa = PBXFileReference; lastKnownFileType = sourcecode.swift; path = CollcetedData.swift; sourceTree = "<group>"; };
		E13F21AD297330CD00E1D4FD /* HabitsScreen.swift */ = {isa = PBXFileReference; lastKnownFileType = sourcecode.swift; path = HabitsScreen.swift; sourceTree = "<group>"; };
		E13F21AF297336E300E1D4FD /* ButtonFill.swift */ = {isa = PBXFileReference; lastKnownFileType = sourcecode.swift; path = ButtonFill.swift; sourceTree = "<group>"; };
		E13F21B3297490B400E1D4FD /* TimeInterval+Date.swift */ = {isa = PBXFileReference; lastKnownFileType = sourcecode.swift; path = "TimeInterval+Date.swift"; sourceTree = "<group>"; };
		E13F21B52974911D00E1D4FD /* Date+Extensions.swift */ = {isa = PBXFileReference; lastKnownFileType = sourcecode.swift; path = "Date+Extensions.swift"; sourceTree = "<group>"; };
		E13F21B72974FA3100E1D4FD /* SheetLink.swift */ = {isa = PBXFileReference; lastKnownFileType = sourcecode.swift; path = SheetLink.swift; sourceTree = "<group>"; };
		E13F21B92974FA4500E1D4FD /* HabitDetailScreen.swift */ = {isa = PBXFileReference; lastKnownFileType = sourcecode.swift; path = HabitDetailScreen.swift; sourceTree = "<group>"; };
		E13F21BB2974FA6100E1D4FD /* HabitDetailsChartsScreen.swift */ = {isa = PBXFileReference; lastKnownFileType = sourcecode.swift; path = HabitDetailsChartsScreen.swift; sourceTree = "<group>"; };
		E13F21BD2974FA7900E1D4FD /* HabitDetailsHistoryScreen.swift */ = {isa = PBXFileReference; lastKnownFileType = sourcecode.swift; path = HabitDetailsHistoryScreen.swift; sourceTree = "<group>"; };
		E13F21BF2974FA9A00E1D4FD /* ImportDataScreen.swift */ = {isa = PBXFileReference; lastKnownFileType = sourcecode.swift; path = ImportDataScreen.swift; sourceTree = "<group>"; };
		E13F21C12974FAA800E1D4FD /* GoalsScreen.swift */ = {isa = PBXFileReference; lastKnownFileType = sourcecode.swift; path = GoalsScreen.swift; sourceTree = "<group>"; };
		E13F21C32975284900E1D4FD /* GoalDetailScreen.swift */ = {isa = PBXFileReference; lastKnownFileType = sourcecode.swift; path = GoalDetailScreen.swift; sourceTree = "<group>"; };
		E13F21C52975287100E1D4FD /* HabitPickerScreen.swift */ = {isa = PBXFileReference; lastKnownFileType = sourcecode.swift; path = HabitPickerScreen.swift; sourceTree = "<group>"; };
		E13F21C72975D5A000E1D4FD /* GoalDetailsChartsScreen.swift */ = {isa = PBXFileReference; lastKnownFileType = sourcecode.swift; path = GoalDetailsChartsScreen.swift; sourceTree = "<group>"; };
		E13F21C92975D5B000E1D4FD /* GoalDetailsHabitsScreen.swift */ = {isa = PBXFileReference; lastKnownFileType = sourcecode.swift; path = GoalDetailsHabitsScreen.swift; sourceTree = "<group>"; };
		E16A9EA327E0E01A007092CD /* AppDelegate.swift */ = {isa = PBXFileReference; lastKnownFileType = sourcecode.swift; path = AppDelegate.swift; sourceTree = "<group>"; };
		E16A9EA927E0F51D007092CD /* Networking.swift */ = {isa = PBXFileReference; lastKnownFileType = sourcecode.swift; path = Networking.swift; sourceTree = "<group>"; };
		E184F4E027E5ACE100BB2F2C /* Spinner.swift */ = {isa = PBXFileReference; lastKnownFileType = sourcecode.swift; path = Spinner.swift; sourceTree = "<group>"; };
		E184F4E227E5AEC800BB2F2C /* AlertContent.swift */ = {isa = PBXFileReference; lastKnownFileType = sourcecode.swift; path = AlertContent.swift; sourceTree = "<group>"; };
		E184F4E427E5B0F000BB2F2C /* ReportsScreen.swift */ = {isa = PBXFileReference; lastKnownFileType = sourcecode.swift; path = ReportsScreen.swift; sourceTree = "<group>"; };
		E184F4E627E5BA1E00BB2F2C /* PDFView.swift */ = {isa = PBXFileReference; lastKnownFileType = sourcecode.swift; path = PDFView.swift; sourceTree = "<group>"; };
		E19D369A27E6FDE400AF0490 /* View+Helpers.swift */ = {isa = PBXFileReference; lastKnownFileType = sourcecode.swift; path = "View+Helpers.swift"; sourceTree = "<group>"; };
		E19D369C27E6FF0D00AF0490 /* ReportsViewModel.swift */ = {isa = PBXFileReference; lastKnownFileType = sourcecode.swift; path = ReportsViewModel.swift; sourceTree = "<group>"; };
		E19D369E27E6FF3E00AF0490 /* ReportScreen.swift */ = {isa = PBXFileReference; lastKnownFileType = sourcecode.swift; path = ReportScreen.swift; sourceTree = "<group>"; };
		E19D36A027E6FF4C00AF0490 /* ReportViewModel.swift */ = {isa = PBXFileReference; lastKnownFileType = sourcecode.swift; path = ReportViewModel.swift; sourceTree = "<group>"; };
		E19D36A227E7008C00AF0490 /* ShareSheet.swift */ = {isa = PBXFileReference; lastKnownFileType = sourcecode.swift; path = ShareSheet.swift; sourceTree = "<group>"; };
		E19D36BA27E83D8800AF0490 /* HabitImportShareExtension.appex */ = {isa = PBXFileReference; explicitFileType = "wrapper.app-extension"; includeInIndex = 0; path = HabitImportShareExtension.appex; sourceTree = BUILT_PRODUCTS_DIR; };
		E19D36BC27E83D8800AF0490 /* ShareViewController.swift */ = {isa = PBXFileReference; lastKnownFileType = sourcecode.swift; path = ShareViewController.swift; sourceTree = "<group>"; };
		E19D36BF27E83D8800AF0490 /* Base */ = {isa = PBXFileReference; lastKnownFileType = file.storyboard; name = Base; path = Base.lproj/MainInterface.storyboard; sourceTree = "<group>"; };
		E19D36C127E83D8800AF0490 /* Info.plist */ = {isa = PBXFileReference; lastKnownFileType = text.plist.xml; path = Info.plist; sourceTree = "<group>"; };
		E19D36C827E84C3E00AF0490 /* HabitImportShareExtension.entitlements */ = {isa = PBXFileReference; lastKnownFileType = text.plist.entitlements; path = HabitImportShareExtension.entitlements; sourceTree = "<group>"; };
		E1CD70E827DDDD630098DE0B /* HealthKit.swift */ = {isa = PBXFileReference; lastKnownFileType = sourcecode.swift; path = HealthKit.swift; sourceTree = "<group>"; };
		E1CD70EA27DDE7850098DE0B /* HealthKit.framework */ = {isa = PBXFileReference; lastKnownFileType = wrapper.framework; name = HealthKit.framework; path = System/Library/Frameworks/HealthKit.framework; sourceTree = SDKROOT; };
		E1CD70EC27DDEF6A0098DE0B /* CollectedDataScreen.swift */ = {isa = PBXFileReference; lastKnownFileType = sourcecode.swift; path = CollectedDataScreen.swift; sourceTree = "<group>"; };
		E1CD70EE27DDEFB00098DE0B /* DataCollectiorViewModel.swift */ = {isa = PBXFileReference; lastKnownFileType = sourcecode.swift; path = DataCollectiorViewModel.swift; sourceTree = "<group>"; };
		E1E7BBF227DBB6AA0062B219 /* HabitIntents.entitlements */ = {isa = PBXFileReference; lastKnownFileType = text.plist.entitlements; path = HabitIntents.entitlements; sourceTree = "<group>"; };
/* End PBXFileReference section */

/* Begin PBXFrameworksBuildPhase section */
		E104202D27DBA16500051F2A /* Frameworks */ = {
			isa = PBXFrameworksBuildPhase;
			buildActionMask = 2147483647;
			files = (
				E16A9EA827E0E8FD007092CD /* Moya in Frameworks */,
				E1CD70EB27DDE7850098DE0B /* HealthKit.framework in Frameworks */,
			);
			runOnlyForDeploymentPostprocessing = 0;
		};
		E104206027DBA43600051F2A /* Frameworks */ = {
			isa = PBXFrameworksBuildPhase;
			buildActionMask = 2147483647;
			files = (
				E104206427DBA43600051F2A /* Intents.framework in Frameworks */,
			);
			runOnlyForDeploymentPostprocessing = 0;
		};
		E19D36B727E83D8800AF0490 /* Frameworks */ = {
			isa = PBXFrameworksBuildPhase;
			buildActionMask = 2147483647;
			files = (
			);
			runOnlyForDeploymentPostprocessing = 0;
		};
/* End PBXFrameworksBuildPhase section */

/* Begin PBXGroup section */
		E104202727DBA16500051F2A = {
			isa = PBXGroup;
			children = (
				E104203227DBA16500051F2A /* Habit Tracker */,
				E104206527DBA43600051F2A /* HabitIntents */,
				E19D36BB27E83D8800AF0490 /* HabitImportShareExtension */,
				E104204F27DBA3FC00051F2A /* Frameworks */,
				E104203127DBA16500051F2A /* Products */,
			);
			sourceTree = "<group>";
		};
		E104203127DBA16500051F2A /* Products */ = {
			isa = PBXGroup;
			children = (
				E104203027DBA16500051F2A /* Habit Tracker.app */,
				E104206327DBA43600051F2A /* HabitIntents.appex */,
				E19D36BA27E83D8800AF0490 /* HabitImportShareExtension.appex */,
			);
			name = Products;
			sourceTree = "<group>";
		};
		E104203227DBA16500051F2A /* Habit Tracker */ = {
			isa = PBXGroup;
			children = (
				E16A9EA327E0E01A007092CD /* AppDelegate.swift */,
				E104203327DBA16500051F2A /* Habit_TrackerApp.swift */,
				E11A94AC297A626C00FDCE41 /* Today */,
				E11A94AB297A626600FDCE41 /* Data */,
				E11A94AA297A625D00FDCE41 /* Trackers */,
				E11A94A9297A625200FDCE41 /* Goals */,
				E12E2C9027E237FE002AD960 /* Common */,
				E10AFC0C27DF18DB000965D9 /* CommonUI */,
				E1CD70F027DDEFCC0098DE0B /* Services */,
				E12E2C9327E23E7A002AD960 /* Icebox */,
				E104203727DBA16600051F2A /* Assets.xcassets */,
				E104207327DBACE200051F2A /* Habit-Tracker-Info.plist */,
				E104207127DBA5AF00051F2A /* Habit Tracker.entitlements */,
				E104203927DBA16600051F2A /* Preview Content */,
			);
			path = "Habit Tracker";
			sourceTree = "<group>";
		};
		E104203927DBA16600051F2A /* Preview Content */ = {
			isa = PBXGroup;
			children = (
				E104203A27DBA16600051F2A /* Preview Assets.xcassets */,
			);
			path = "Preview Content";
			sourceTree = "<group>";
		};
		E104204F27DBA3FC00051F2A /* Frameworks */ = {
			isa = PBXGroup;
			children = (
				E1CD70EA27DDE7850098DE0B /* HealthKit.framework */,
				E104205027DBA3FC00051F2A /* Intents.framework */,
			);
			name = Frameworks;
			sourceTree = "<group>";
		};
		E104206527DBA43600051F2A /* HabitIntents */ = {
			isa = PBXGroup;
			children = (
				E1E7BBF227DBB6AA0062B219 /* HabitIntents.entitlements */,
				E104206627DBA43600051F2A /* IntentHandler.swift */,
				E104206F27DBA44100051F2A /* Intents.intentdefinition */,
				E104206827DBA43600051F2A /* Info.plist */,
			);
			path = HabitIntents;
			sourceTree = "<group>";
		};
		E10AFC0C27DF18DB000965D9 /* CommonUI */ = {
			isa = PBXGroup;
			children = (
				E184F4E227E5AEC800BB2F2C /* AlertContent.swift */,
				E1CD70EC27DDEF6A0098DE0B /* CollectedDataScreen.swift */,
				E10AFC0A27DF18D5000965D9 /* FilePicker.swift */,
				E184F4E627E5BA1E00BB2F2C /* PDFView.swift */,
				E19D36A227E7008C00AF0490 /* ShareSheet.swift */,
				E184F4E027E5ACE100BB2F2C /* Spinner.swift */,
				E19D369A27E6FDE400AF0490 /* View+Helpers.swift */,
				E13F21AF297336E300E1D4FD /* ButtonFill.swift */,
				E13F21B72974FA3100E1D4FD /* SheetLink.swift */,
				E11A94A12977CFE900FDCE41 /* Button+Helpers.swift */,
				E11A94B1297A647C00FDCE41 /* Charts.swift */,
			);
			path = CommonUI;
			sourceTree = "<group>";
		};
		E11A94A9297A625200FDCE41 /* Goals */ = {
			isa = PBXGroup;
			children = (
				E11A94AE297A628A00FDCE41 /* Common */,
				E13F21C12974FAA800E1D4FD /* GoalsScreen.swift */,
				E13F21C32975284900E1D4FD /* GoalDetailScreen.swift */,
				E13F21C72975D5A000E1D4FD /* GoalDetailsChartsScreen.swift */,
				E13F21C92975D5B000E1D4FD /* GoalDetailsHabitsScreen.swift */,
			);
			path = Goals;
			sourceTree = "<group>";
		};
		E11A94AA297A625D00FDCE41 /* Trackers */ = {
			isa = PBXGroup;
			children = (
				E11A94AD297A627400FDCE41 /* Common */,
				E13F21AD297330CD00E1D4FD /* HabitsScreen.swift */,
				E13F21B92974FA4500E1D4FD /* HabitDetailScreen.swift */,
				E13F21BB2974FA6100E1D4FD /* HabitDetailsChartsScreen.swift */,
				E13F21BD2974FA7900E1D4FD /* HabitDetailsHistoryScreen.swift */,
				E11A949B2977BAB500FDCE41 /* HabitDetailsSettingsScreen.swift */,
			);
			path = Trackers;
			sourceTree = "<group>";
		};
		E11A94AB297A626600FDCE41 /* Data */ = {
			isa = PBXGroup;
			children = (
				E13F21BF2974FA9A00E1D4FD /* ImportDataScreen.swift */,
			);
			path = Data;
			sourceTree = "<group>";
		};
		E11A94AC297A626C00FDCE41 /* Today */ = {
			isa = PBXGroup;
			children = (
				E11A949F2977CD2400FDCE41 /* TodayScreen.swift */,
			);
			path = Today;
			sourceTree = "<group>";
		};
		E11A94AD297A627400FDCE41 /* Common */ = {
			isa = PBXGroup;
			children = (
				E13F21C52975287100E1D4FD /* HabitPickerScreen.swift */,
			);
			path = Common;
			sourceTree = "<group>";
		};
		E11A94AE297A628A00FDCE41 /* Common */ = {
			isa = PBXGroup;
			children = (
				E11A94AF297A628D00FDCE41 /* GoalHabitChartPickerScreen.swift */,
			);
			path = Common;
			sourceTree = "<group>";
		};
		E12E2C9027E237FE002AD960 /* Common */ = {
			isa = PBXGroup;
			children = (
				E12E2C8E27E237FB002AD960 /* KeyPath.swift */,
				E12BC20627E2488700580111 /* CSVFile.swift */,
				E13F21B3297490B400E1D4FD /* TimeInterval+Date.swift */,
				E13F21B52974911D00E1D4FD /* Date+Extensions.swift */,
				E11A949D2977BD1100FDCE41 /* Binding+Helpers.swift */,
			);
			path = Common;
			sourceTree = "<group>";
		};
		E12E2C9327E23E7A002AD960 /* Icebox */ = {
			isa = PBXGroup;
			children = (
				E13F21AC2973309A00E1D4FD /* Old App */,
				E12E2C9127E23E6B002AD960 /* CollcetedData.swift */,
			);
			path = Icebox;
			sourceTree = "<group>";
		};
		E13F21AC2973309A00E1D4FD /* Old App */ = {
			isa = PBXGroup;
			children = (
				E1CD70EE27DDEFB00098DE0B /* DataCollectiorViewModel.swift */,
				E104203527DBA16500051F2A /* DataCollectorScreen.swift */,
				E19D369C27E6FF0D00AF0490 /* ReportsViewModel.swift */,
				E184F4E427E5B0F000BB2F2C /* ReportsScreen.swift */,
				E19D36A027E6FF4C00AF0490 /* ReportViewModel.swift */,
				E19D369E27E6FF3E00AF0490 /* ReportScreen.swift */,
			);
			path = "Old App";
			sourceTree = "<group>";
		};
		E19D36BB27E83D8800AF0490 /* HabitImportShareExtension */ = {
			isa = PBXGroup;
			children = (
				E19D36C827E84C3E00AF0490 /* HabitImportShareExtension.entitlements */,
				E19D36BC27E83D8800AF0490 /* ShareViewController.swift */,
				E19D36BE27E83D8800AF0490 /* MainInterface.storyboard */,
				E19D36C127E83D8800AF0490 /* Info.plist */,
			);
			path = HabitImportShareExtension;
			sourceTree = "<group>";
		};
		E1CD70E727DDDCFD0098DE0B /* CoreData */ = {
			isa = PBXGroup;
			children = (
				E104203E27DBA16600051F2A /* Habit_Tracker.xcdatamodeld */,
				E104204627DBA28600051F2A /* FeelingSleepy+CoreDataClass.swift */,
				E104204727DBA28600051F2A /* FeelingSleepy+CoreDataProperties.swift */,
				E11A94A32977D17100FDCE41 /* Trackers.swift */,
				E11A94A5297A53AA00FDCE41 /* Goals.swift */,
				E11A94A7297A53D600FDCE41 /* NSSet.swift */,
			);
			path = CoreData;
			sourceTree = "<group>";
		};
		E1CD70F027DDEFCC0098DE0B /* Services */ = {
			isa = PBXGroup;
			children = (
				E16A9EA927E0F51D007092CD /* Networking.swift */,
				E12BC20427E2451100580111 /* RemoteStoreAPI.swift */,
				E1CD70E827DDDD630098DE0B /* HealthKit.swift */,
				E104203C27DBA16600051F2A /* Persistence.swift */,
				E1CD70E727DDDCFD0098DE0B /* CoreData */,
			);
			path = Services;
			sourceTree = "<group>";
		};
/* End PBXGroup section */

/* Begin PBXNativeTarget section */
		E104202F27DBA16500051F2A /* Habit Tracker */ = {
			isa = PBXNativeTarget;
			buildConfigurationList = E104204327DBA16600051F2A /* Build configuration list for PBXNativeTarget "Habit Tracker" */;
			buildPhases = (
				E104202C27DBA16500051F2A /* Sources */,
				E104202D27DBA16500051F2A /* Frameworks */,
				E104202E27DBA16500051F2A /* Resources */,
				E104205C27DBA3FC00051F2A /* Embed App Extensions */,
			);
			buildRules = (
			);
			dependencies = (
				E104206A27DBA43600051F2A /* PBXTargetDependency */,
				E19D36C327E83D8800AF0490 /* PBXTargetDependency */,
			);
			name = "Habit Tracker";
			packageProductDependencies = (
				E16A9EA727E0E8FD007092CD /* Moya */,
			);
			productName = "Habit Tracker";
			productReference = E104203027DBA16500051F2A /* Habit Tracker.app */;
			productType = "com.apple.product-type.application";
		};
		E104206227DBA43600051F2A /* HabitIntents */ = {
			isa = PBXNativeTarget;
			buildConfigurationList = E104206C27DBA43600051F2A /* Build configuration list for PBXNativeTarget "HabitIntents" */;
			buildPhases = (
				E104205F27DBA43600051F2A /* Sources */,
				E104206027DBA43600051F2A /* Frameworks */,
				E104206127DBA43600051F2A /* Resources */,
			);
			buildRules = (
			);
			dependencies = (
			);
			name = HabitIntents;
			productName = HabitIntents;
			productReference = E104206327DBA43600051F2A /* HabitIntents.appex */;
			productType = "com.apple.product-type.app-extension";
		};
		E19D36B927E83D8800AF0490 /* HabitImportShareExtension */ = {
			isa = PBXNativeTarget;
			buildConfigurationList = E19D36C527E83D8800AF0490 /* Build configuration list for PBXNativeTarget "HabitImportShareExtension" */;
			buildPhases = (
				E19D36B627E83D8800AF0490 /* Sources */,
				E19D36B727E83D8800AF0490 /* Frameworks */,
				E19D36B827E83D8800AF0490 /* Resources */,
			);
			buildRules = (
			);
			dependencies = (
			);
			name = HabitImportShareExtension;
			productName = HabitImportShareExtension;
			productReference = E19D36BA27E83D8800AF0490 /* HabitImportShareExtension.appex */;
			productType = "com.apple.product-type.app-extension";
		};
/* End PBXNativeTarget section */

/* Begin PBXProject section */
		E104202827DBA16500051F2A /* Project object */ = {
			isa = PBXProject;
			attributes = {
				BuildIndependentTargetsInParallel = 1;
				LastSwiftUpdateCheck = 1330;
				LastUpgradeCheck = 1320;
				TargetAttributes = {
					E104202F27DBA16500051F2A = {
						CreatedOnToolsVersion = 13.2.1;
					};
					E104206227DBA43600051F2A = {
						CreatedOnToolsVersion = 13.2.1;
					};
					E19D36B927E83D8800AF0490 = {
						CreatedOnToolsVersion = 13.3;
					};
				};
			};
			buildConfigurationList = E104202B27DBA16500051F2A /* Build configuration list for PBXProject "Habit Tracker" */;
			compatibilityVersion = "Xcode 13.0";
			developmentRegion = en;
			hasScannedForEncodings = 0;
			knownRegions = (
				en,
				Base,
			);
			mainGroup = E104202727DBA16500051F2A;
			packageReferences = (
				E16A9EA627E0E8FD007092CD /* XCRemoteSwiftPackageReference "Moya" */,
			);
			productRefGroup = E104203127DBA16500051F2A /* Products */;
			projectDirPath = "";
			projectRoot = "";
			targets = (
				E104202F27DBA16500051F2A /* Habit Tracker */,
				E104206227DBA43600051F2A /* HabitIntents */,
				E19D36B927E83D8800AF0490 /* HabitImportShareExtension */,
			);
		};
/* End PBXProject section */

/* Begin PBXResourcesBuildPhase section */
		E104202E27DBA16500051F2A /* Resources */ = {
			isa = PBXResourcesBuildPhase;
			buildActionMask = 2147483647;
			files = (
				E104203B27DBA16600051F2A /* Preview Assets.xcassets in Resources */,
				E104203827DBA16600051F2A /* Assets.xcassets in Resources */,
			);
			runOnlyForDeploymentPostprocessing = 0;
		};
		E104206127DBA43600051F2A /* Resources */ = {
			isa = PBXResourcesBuildPhase;
			buildActionMask = 2147483647;
			files = (
			);
			runOnlyForDeploymentPostprocessing = 0;
		};
		E19D36B827E83D8800AF0490 /* Resources */ = {
			isa = PBXResourcesBuildPhase;
			buildActionMask = 2147483647;
			files = (
				E19D36C027E83D8800AF0490 /* MainInterface.storyboard in Resources */,
			);
			runOnlyForDeploymentPostprocessing = 0;
		};
/* End PBXResourcesBuildPhase section */

/* Begin PBXSourcesBuildPhase section */
		E104202C27DBA16500051F2A /* Sources */ = {
			isa = PBXSourcesBuildPhase;
			buildActionMask = 2147483647;
			files = (
				E19D36A127E6FF4C00AF0490 /* ReportViewModel.swift in Sources */,
				E11A94A22977CFE900FDCE41 /* Button+Helpers.swift in Sources */,
				E184F4E327E5AEC800BB2F2C /* AlertContent.swift in Sources */,
				E12BC20527E2451100580111 /* RemoteStoreAPI.swift in Sources */,
				E184F4E527E5B0F000BB2F2C /* ReportsScreen.swift in Sources */,
				E16A9EA427E0E01A007092CD /* AppDelegate.swift in Sources */,
				E1CD70E927DDDD630098DE0B /* HealthKit.swift in Sources */,
				E12E2C8F27E237FB002AD960 /* KeyPath.swift in Sources */,
				E12BC20727E2488700580111 /* CSVFile.swift in Sources */,
				E13F21CA2975D5B000E1D4FD /* GoalDetailsHabitsScreen.swift in Sources */,
				E13F21C62975287100E1D4FD /* HabitPickerScreen.swift in Sources */,
				E19D369F27E6FF3E00AF0490 /* ReportScreen.swift in Sources */,
				E11A94B2297A647C00FDCE41 /* Charts.swift in Sources */,
				E13F21C82975D5A000E1D4FD /* GoalDetailsChartsScreen.swift in Sources */,
				E13F21AE297330CD00E1D4FD /* HabitsScreen.swift in Sources */,
				E11A949E2977BD1100FDCE41 /* Binding+Helpers.swift in Sources */,
				E11A94A8297A53D600FDCE41 /* NSSet.swift in Sources */,
				E13F21C02974FA9A00E1D4FD /* ImportDataScreen.swift in Sources */,
				E104207227DBAC5800051F2A /* Intents.intentdefinition in Sources */,
				E13F21B0297336E300E1D4FD /* ButtonFill.swift in Sources */,
				E13F21BC2974FA6100E1D4FD /* HabitDetailsChartsScreen.swift in Sources */,
				E19D369D27E6FF0D00AF0490 /* ReportsViewModel.swift in Sources */,
				E19D36A327E7008C00AF0490 /* ShareSheet.swift in Sources */,
				E16A9EAA27E0F51D007092CD /* Networking.swift in Sources */,
				E11A94A02977CD2400FDCE41 /* TodayScreen.swift in Sources */,
				E104203D27DBA16600051F2A /* Persistence.swift in Sources */,
				E104204027DBA16600051F2A /* Habit_Tracker.xcdatamodeld in Sources */,
				E104203627DBA16500051F2A /* DataCollectorScreen.swift in Sources */,
				E104203427DBA16500051F2A /* Habit_TrackerApp.swift in Sources */,
				E13F21BA2974FA4500E1D4FD /* HabitDetailScreen.swift in Sources */,
				E11A94A42977D17100FDCE41 /* Trackers.swift in Sources */,
				E13F21BE2974FA7900E1D4FD /* HabitDetailsHistoryScreen.swift in Sources */,
				E13F21C42975284900E1D4FD /* GoalDetailScreen.swift in Sources */,
				E19D369B27E6FDE400AF0490 /* View+Helpers.swift in Sources */,
				E184F4E727E5BA1E00BB2F2C /* PDFView.swift in Sources */,
				E11A94B0297A628D00FDCE41 /* GoalHabitChartPickerScreen.swift in Sources */,
				E13F21B82974FA3100E1D4FD /* SheetLink.swift in Sources */,
				E1CD70ED27DDEF6A0098DE0B /* CollectedDataScreen.swift in Sources */,
				E1CD70EF27DDEFB00098DE0B /* DataCollectiorViewModel.swift in Sources */,
				E13F21B4297490B400E1D4FD /* TimeInterval+Date.swift in Sources */,
				E13F21B62974911D00E1D4FD /* Date+Extensions.swift in Sources */,
				E13F21C22974FAA800E1D4FD /* GoalsScreen.swift in Sources */,
				E10AFC0B27DF18D5000965D9 /* FilePicker.swift in Sources */,
				E11A949C2977BAB500FDCE41 /* HabitDetailsSettingsScreen.swift in Sources */,
				E104204827DBA28600051F2A /* FeelingSleepy+CoreDataClass.swift in Sources */,
				E104204927DBA28600051F2A /* FeelingSleepy+CoreDataProperties.swift in Sources */,
				E11A94A6297A53AA00FDCE41 /* Goals.swift in Sources */,
				E184F4E127E5ACE100BB2F2C /* Spinner.swift in Sources */,
			);
			runOnlyForDeploymentPostprocessing = 0;
		};
		E104205F27DBA43600051F2A /* Sources */ = {
			isa = PBXSourcesBuildPhase;
			buildActionMask = 2147483647;
			files = (
				E104207427DBB2F200051F2A /* Persistence.swift in Sources */,
				E104207527DBB2F600051F2A /* FeelingSleepy+CoreDataProperties.swift in Sources */,
				E104207027DBA44100051F2A /* Intents.intentdefinition in Sources */,
				E104207727DBB4B400051F2A /* Habit_Tracker.xcdatamodeld in Sources */,
				E104206727DBA43600051F2A /* IntentHandler.swift in Sources */,
				E104207627DBB2F600051F2A /* FeelingSleepy+CoreDataClass.swift in Sources */,
			);
			runOnlyForDeploymentPostprocessing = 0;
		};
		E19D36B627E83D8800AF0490 /* Sources */ = {
			isa = PBXSourcesBuildPhase;
			buildActionMask = 2147483647;
			files = (
				E19D36BD27E83D8800AF0490 /* ShareViewController.swift in Sources */,
			);
			runOnlyForDeploymentPostprocessing = 0;
		};
/* End PBXSourcesBuildPhase section */

/* Begin PBXTargetDependency section */
		E104206A27DBA43600051F2A /* PBXTargetDependency */ = {
			isa = PBXTargetDependency;
			target = E104206227DBA43600051F2A /* HabitIntents */;
			targetProxy = E104206927DBA43600051F2A /* PBXContainerItemProxy */;
		};
		E19D36C327E83D8800AF0490 /* PBXTargetDependency */ = {
			isa = PBXTargetDependency;
			target = E19D36B927E83D8800AF0490 /* HabitImportShareExtension */;
			targetProxy = E19D36C227E83D8800AF0490 /* PBXContainerItemProxy */;
		};
/* End PBXTargetDependency section */

/* Begin PBXVariantGroup section */
		E19D36BE27E83D8800AF0490 /* MainInterface.storyboard */ = {
			isa = PBXVariantGroup;
			children = (
				E19D36BF27E83D8800AF0490 /* Base */,
			);
			name = MainInterface.storyboard;
			sourceTree = "<group>";
		};
/* End PBXVariantGroup section */

/* Begin XCBuildConfiguration section */
		E104204127DBA16600051F2A /* Debug */ = {
			isa = XCBuildConfiguration;
			buildSettings = {
				ALWAYS_SEARCH_USER_PATHS = NO;
				CLANG_ANALYZER_NONNULL = YES;
				CLANG_ANALYZER_NUMBER_OBJECT_CONVERSION = YES_AGGRESSIVE;
				CLANG_CXX_LANGUAGE_STANDARD = "gnu++17";
				CLANG_CXX_LIBRARY = "libc++";
				CLANG_ENABLE_MODULES = YES;
				CLANG_ENABLE_OBJC_ARC = YES;
				CLANG_ENABLE_OBJC_WEAK = YES;
				CLANG_WARN_BLOCK_CAPTURE_AUTORELEASING = YES;
				CLANG_WARN_BOOL_CONVERSION = YES;
				CLANG_WARN_COMMA = YES;
				CLANG_WARN_CONSTANT_CONVERSION = YES;
				CLANG_WARN_DEPRECATED_OBJC_IMPLEMENTATIONS = YES;
				CLANG_WARN_DIRECT_OBJC_ISA_USAGE = YES_ERROR;
				CLANG_WARN_DOCUMENTATION_COMMENTS = YES;
				CLANG_WARN_EMPTY_BODY = YES;
				CLANG_WARN_ENUM_CONVERSION = YES;
				CLANG_WARN_INFINITE_RECURSION = YES;
				CLANG_WARN_INT_CONVERSION = YES;
				CLANG_WARN_NON_LITERAL_NULL_CONVERSION = YES;
				CLANG_WARN_OBJC_IMPLICIT_RETAIN_SELF = YES;
				CLANG_WARN_OBJC_LITERAL_CONVERSION = YES;
				CLANG_WARN_OBJC_ROOT_CLASS = YES_ERROR;
				CLANG_WARN_QUOTED_INCLUDE_IN_FRAMEWORK_HEADER = YES;
				CLANG_WARN_RANGE_LOOP_ANALYSIS = YES;
				CLANG_WARN_STRICT_PROTOTYPES = YES;
				CLANG_WARN_SUSPICIOUS_MOVE = YES;
				CLANG_WARN_UNGUARDED_AVAILABILITY = YES_AGGRESSIVE;
				CLANG_WARN_UNREACHABLE_CODE = YES;
				CLANG_WARN__DUPLICATE_METHOD_MATCH = YES;
				COPY_PHASE_STRIP = NO;
				DEBUG_INFORMATION_FORMAT = dwarf;
				ENABLE_STRICT_OBJC_MSGSEND = YES;
				ENABLE_TESTABILITY = YES;
				GCC_C_LANGUAGE_STANDARD = gnu11;
				GCC_DYNAMIC_NO_PIC = NO;
				GCC_NO_COMMON_BLOCKS = YES;
				GCC_OPTIMIZATION_LEVEL = 0;
				GCC_PREPROCESSOR_DEFINITIONS = (
					"DEBUG=1",
					"$(inherited)",
				);
				GCC_WARN_64_TO_32_BIT_CONVERSION = YES;
				GCC_WARN_ABOUT_RETURN_TYPE = YES_ERROR;
				GCC_WARN_UNDECLARED_SELECTOR = YES;
				GCC_WARN_UNINITIALIZED_AUTOS = YES_AGGRESSIVE;
				GCC_WARN_UNUSED_FUNCTION = YES;
				GCC_WARN_UNUSED_VARIABLE = YES;
				IPHONEOS_DEPLOYMENT_TARGET = 15.2;
				MTL_ENABLE_DEBUG_INFO = INCLUDE_SOURCE;
				MTL_FAST_MATH = YES;
				ONLY_ACTIVE_ARCH = YES;
				SDKROOT = iphoneos;
				SWIFT_ACTIVE_COMPILATION_CONDITIONS = DEBUG;
				SWIFT_OPTIMIZATION_LEVEL = "-Onone";
			};
			name = Debug;
		};
		E104204227DBA16600051F2A /* Release */ = {
			isa = XCBuildConfiguration;
			buildSettings = {
				ALWAYS_SEARCH_USER_PATHS = NO;
				CLANG_ANALYZER_NONNULL = YES;
				CLANG_ANALYZER_NUMBER_OBJECT_CONVERSION = YES_AGGRESSIVE;
				CLANG_CXX_LANGUAGE_STANDARD = "gnu++17";
				CLANG_CXX_LIBRARY = "libc++";
				CLANG_ENABLE_MODULES = YES;
				CLANG_ENABLE_OBJC_ARC = YES;
				CLANG_ENABLE_OBJC_WEAK = YES;
				CLANG_WARN_BLOCK_CAPTURE_AUTORELEASING = YES;
				CLANG_WARN_BOOL_CONVERSION = YES;
				CLANG_WARN_COMMA = YES;
				CLANG_WARN_CONSTANT_CONVERSION = YES;
				CLANG_WARN_DEPRECATED_OBJC_IMPLEMENTATIONS = YES;
				CLANG_WARN_DIRECT_OBJC_ISA_USAGE = YES_ERROR;
				CLANG_WARN_DOCUMENTATION_COMMENTS = YES;
				CLANG_WARN_EMPTY_BODY = YES;
				CLANG_WARN_ENUM_CONVERSION = YES;
				CLANG_WARN_INFINITE_RECURSION = YES;
				CLANG_WARN_INT_CONVERSION = YES;
				CLANG_WARN_NON_LITERAL_NULL_CONVERSION = YES;
				CLANG_WARN_OBJC_IMPLICIT_RETAIN_SELF = YES;
				CLANG_WARN_OBJC_LITERAL_CONVERSION = YES;
				CLANG_WARN_OBJC_ROOT_CLASS = YES_ERROR;
				CLANG_WARN_QUOTED_INCLUDE_IN_FRAMEWORK_HEADER = YES;
				CLANG_WARN_RANGE_LOOP_ANALYSIS = YES;
				CLANG_WARN_STRICT_PROTOTYPES = YES;
				CLANG_WARN_SUSPICIOUS_MOVE = YES;
				CLANG_WARN_UNGUARDED_AVAILABILITY = YES_AGGRESSIVE;
				CLANG_WARN_UNREACHABLE_CODE = YES;
				CLANG_WARN__DUPLICATE_METHOD_MATCH = YES;
				COPY_PHASE_STRIP = NO;
				DEBUG_INFORMATION_FORMAT = "dwarf-with-dsym";
				ENABLE_NS_ASSERTIONS = NO;
				ENABLE_STRICT_OBJC_MSGSEND = YES;
				GCC_C_LANGUAGE_STANDARD = gnu11;
				GCC_NO_COMMON_BLOCKS = YES;
				GCC_WARN_64_TO_32_BIT_CONVERSION = YES;
				GCC_WARN_ABOUT_RETURN_TYPE = YES_ERROR;
				GCC_WARN_UNDECLARED_SELECTOR = YES;
				GCC_WARN_UNINITIALIZED_AUTOS = YES_AGGRESSIVE;
				GCC_WARN_UNUSED_FUNCTION = YES;
				GCC_WARN_UNUSED_VARIABLE = YES;
				IPHONEOS_DEPLOYMENT_TARGET = 15.2;
				MTL_ENABLE_DEBUG_INFO = NO;
				MTL_FAST_MATH = YES;
				SDKROOT = iphoneos;
				SWIFT_COMPILATION_MODE = wholemodule;
				SWIFT_OPTIMIZATION_LEVEL = "-O";
				VALIDATE_PRODUCT = YES;
			};
			name = Release;
		};
		E104204427DBA16600051F2A /* Debug */ = {
			isa = XCBuildConfiguration;
			buildSettings = {
				ALWAYS_EMBED_SWIFT_STANDARD_LIBRARIES = YES;
				ASSETCATALOG_COMPILER_APPICON_NAME = AppIcon;
				ASSETCATALOG_COMPILER_GLOBAL_ACCENT_COLOR_NAME = AccentColor;
				CODE_SIGN_ENTITLEMENTS = "Habit Tracker/Habit Tracker.entitlements";
				CODE_SIGN_IDENTITY = "iPhone Developer";
				CODE_SIGN_STYLE = Manual;
				CURRENT_PROJECT_VERSION = 1;
				DEVELOPMENT_ASSET_PATHS = "\"Habit Tracker/Preview Content\"";
				DEVELOPMENT_TEAM = 8U3L6K9JA6;
				ENABLE_PREVIEWS = YES;
				GENERATE_INFOPLIST_FILE = YES;
				INFOPLIST_FILE = "Habit-Tracker-Info.plist";
				INFOPLIST_KEY_NSHealthShareUsageDescription = "Falalala, this is the share usage message";
				INFOPLIST_KEY_NSHealthUpdateUsageDescription = "Falalala, this is the update usage message";
				INFOPLIST_KEY_NSSiriUsageDescription = "Get data";
				INFOPLIST_KEY_UIApplicationSceneManifest_Generation = YES;
				INFOPLIST_KEY_UIApplicationSupportsIndirectInputEvents = YES;
				INFOPLIST_KEY_UILaunchScreen_Generation = YES;
				INFOPLIST_KEY_UISupportedInterfaceOrientations_iPad = "UIInterfaceOrientationPortrait UIInterfaceOrientationPortraitUpsideDown UIInterfaceOrientationLandscapeLeft UIInterfaceOrientationLandscapeRight";
				INFOPLIST_KEY_UISupportedInterfaceOrientations_iPhone = "UIInterfaceOrientationPortrait UIInterfaceOrientationLandscapeLeft UIInterfaceOrientationLandscapeRight";
				IPHONEOS_DEPLOYMENT_TARGET = 16.0;
				LD_RUNPATH_SEARCH_PATHS = (
					"$(inherited)",
					"@executable_path/Frameworks",
				);
				MARKETING_VERSION = 1.0;
				PRODUCT_BUNDLE_IDENTIFIER = "com.linniergames.Habit-Tracker";
				PRODUCT_NAME = "$(TARGET_NAME)";
				PROVISIONING_PROFILE_SPECIFIER = "Habit Tracker Dev Profile";
				SWIFT_EMIT_LOC_STRINGS = YES;
				SWIFT_VERSION = 5.0;
				TARGETED_DEVICE_FAMILY = "1,2";
			};
			name = Debug;
		};
		E104204527DBA16600051F2A /* Release */ = {
			isa = XCBuildConfiguration;
			buildSettings = {
				ALWAYS_EMBED_SWIFT_STANDARD_LIBRARIES = YES;
				ASSETCATALOG_COMPILER_APPICON_NAME = AppIcon;
				ASSETCATALOG_COMPILER_GLOBAL_ACCENT_COLOR_NAME = AccentColor;
				CODE_SIGN_ENTITLEMENTS = "Habit Tracker/Habit Tracker.entitlements";
				CODE_SIGN_IDENTITY = "iPhone Developer";
				CODE_SIGN_STYLE = Manual;
				CURRENT_PROJECT_VERSION = 1;
				DEVELOPMENT_ASSET_PATHS = "\"Habit Tracker/Preview Content\"";
				DEVELOPMENT_TEAM = 8U3L6K9JA6;
				ENABLE_PREVIEWS = YES;
				GENERATE_INFOPLIST_FILE = YES;
				INFOPLIST_FILE = "Habit-Tracker-Info.plist";
				INFOPLIST_KEY_NSHealthShareUsageDescription = "Falalala, this is the share usage message";
				INFOPLIST_KEY_NSHealthUpdateUsageDescription = "Falalala, this is the update usage message";
				INFOPLIST_KEY_NSSiriUsageDescription = "Get data";
				INFOPLIST_KEY_UIApplicationSceneManifest_Generation = YES;
				INFOPLIST_KEY_UIApplicationSupportsIndirectInputEvents = YES;
				INFOPLIST_KEY_UILaunchScreen_Generation = YES;
				INFOPLIST_KEY_UISupportedInterfaceOrientations_iPad = "UIInterfaceOrientationPortrait UIInterfaceOrientationPortraitUpsideDown UIInterfaceOrientationLandscapeLeft UIInterfaceOrientationLandscapeRight";
				INFOPLIST_KEY_UISupportedInterfaceOrientations_iPhone = "UIInterfaceOrientationPortrait UIInterfaceOrientationLandscapeLeft UIInterfaceOrientationLandscapeRight";
				IPHONEOS_DEPLOYMENT_TARGET = 16.0;
				LD_RUNPATH_SEARCH_PATHS = (
					"$(inherited)",
					"@executable_path/Frameworks",
				);
				MARKETING_VERSION = 1.0;
				PRODUCT_BUNDLE_IDENTIFIER = "com.linniergames.Habit-Tracker";
				PRODUCT_NAME = "$(TARGET_NAME)";
				PROVISIONING_PROFILE_SPECIFIER = "Habit Tracker Dev Profile";
				SWIFT_EMIT_LOC_STRINGS = YES;
				SWIFT_VERSION = 5.0;
				TARGETED_DEVICE_FAMILY = "1,2";
			};
			name = Release;
		};
		E104206D27DBA43600051F2A /* Debug */ = {
			isa = XCBuildConfiguration;
			buildSettings = {
				CODE_SIGN_ENTITLEMENTS = HabitIntents/HabitIntents.entitlements;
				CODE_SIGN_IDENTITY = "Apple Development";
				CODE_SIGN_STYLE = Automatic;
				CURRENT_PROJECT_VERSION = 1;
				DEVELOPMENT_TEAM = 8U3L6K9JA6;
				GENERATE_INFOPLIST_FILE = YES;
				INFOPLIST_FILE = HabitIntents/Info.plist;
				INFOPLIST_KEY_CFBundleDisplayName = HabitIntents;
				INFOPLIST_KEY_NSHumanReadableCopyright = "";
				LD_RUNPATH_SEARCH_PATHS = (
					"$(inherited)",
					"@executable_path/Frameworks",
					"@executable_path/../../Frameworks",
				);
				MARKETING_VERSION = 1.0;
				PRODUCT_BUNDLE_IDENTIFIER = "com.linniergames.Habit-Tracker.HabitIntents";
				PRODUCT_NAME = "$(TARGET_NAME)";
				PROVISIONING_PROFILE_SPECIFIER = "";
				SKIP_INSTALL = YES;
				SWIFT_EMIT_LOC_STRINGS = YES;
				SWIFT_VERSION = 5.0;
				TARGETED_DEVICE_FAMILY = "1,2";
			};
			name = Debug;
		};
		E104206E27DBA43600051F2A /* Release */ = {
			isa = XCBuildConfiguration;
			buildSettings = {
				CODE_SIGN_ENTITLEMENTS = HabitIntents/HabitIntents.entitlements;
				CODE_SIGN_IDENTITY = "Apple Development";
				CODE_SIGN_STYLE = Automatic;
				CURRENT_PROJECT_VERSION = 1;
				DEVELOPMENT_TEAM = "";
				GENERATE_INFOPLIST_FILE = YES;
				INFOPLIST_FILE = HabitIntents/Info.plist;
				INFOPLIST_KEY_CFBundleDisplayName = HabitIntents;
				INFOPLIST_KEY_NSHumanReadableCopyright = "";
				LD_RUNPATH_SEARCH_PATHS = (
					"$(inherited)",
					"@executable_path/Frameworks",
					"@executable_path/../../Frameworks",
				);
				MARKETING_VERSION = 1.0;
				PRODUCT_BUNDLE_IDENTIFIER = "com.linniergames.Habit-Tracker.HabitIntents";
				PRODUCT_NAME = "$(TARGET_NAME)";
				PROVISIONING_PROFILE_SPECIFIER = "";
				SKIP_INSTALL = YES;
				SWIFT_EMIT_LOC_STRINGS = YES;
				SWIFT_VERSION = 5.0;
				TARGETED_DEVICE_FAMILY = "1,2";
			};
			name = Release;
		};
		E19D36C627E83D8800AF0490 /* Debug */ = {
			isa = XCBuildConfiguration;
			buildSettings = {
				CODE_SIGN_ENTITLEMENTS = HabitImportShareExtension/HabitImportShareExtension.entitlements;
				CODE_SIGN_IDENTITY = "iPhone Developer";
				CODE_SIGN_STYLE = Automatic;
				CURRENT_PROJECT_VERSION = 1;
				DEVELOPMENT_TEAM = 8U3L6K9JA6;
				GENERATE_INFOPLIST_FILE = YES;
				INFOPLIST_FILE = HabitImportShareExtension/Info.plist;
				INFOPLIST_KEY_CFBundleDisplayName = HabitImportShareExtension;
				INFOPLIST_KEY_NSHumanReadableCopyright = "";
				IPHONEOS_DEPLOYMENT_TARGET = 15.2;
				LD_RUNPATH_SEARCH_PATHS = (
					"$(inherited)",
					"@executable_path/Frameworks",
					"@executable_path/../../Frameworks",
				);
				MARKETING_VERSION = 1.0;
				PRODUCT_BUNDLE_IDENTIFIER = "com.linniergames.Habit-Tracker.HabitImportShareExtension";
				PRODUCT_NAME = "$(TARGET_NAME)";
				SKIP_INSTALL = YES;
				SWIFT_EMIT_LOC_STRINGS = YES;
				SWIFT_VERSION = 5.0;
				TARGETED_DEVICE_FAMILY = "1,2";
			};
			name = Debug;
		};
		E19D36C727E83D8800AF0490 /* Release */ = {
			isa = XCBuildConfiguration;
			buildSettings = {
				CODE_SIGN_ENTITLEMENTS = HabitImportShareExtension/HabitImportShareExtension.entitlements;
				CODE_SIGN_IDENTITY = "iPhone Developer";
				CODE_SIGN_STYLE = Automatic;
				CURRENT_PROJECT_VERSION = 1;
				DEVELOPMENT_TEAM = 8U3L6K9JA6;
				GENERATE_INFOPLIST_FILE = YES;
				INFOPLIST_FILE = HabitImportShareExtension/Info.plist;
				INFOPLIST_KEY_CFBundleDisplayName = HabitImportShareExtension;
				INFOPLIST_KEY_NSHumanReadableCopyright = "";
				IPHONEOS_DEPLOYMENT_TARGET = 15.2;
				LD_RUNPATH_SEARCH_PATHS = (
					"$(inherited)",
					"@executable_path/Frameworks",
					"@executable_path/../../Frameworks",
				);
				MARKETING_VERSION = 1.0;
				PRODUCT_BUNDLE_IDENTIFIER = "com.linniergames.Habit-Tracker.HabitImportShareExtension";
				PRODUCT_NAME = "$(TARGET_NAME)";
				SKIP_INSTALL = YES;
				SWIFT_EMIT_LOC_STRINGS = YES;
				SWIFT_VERSION = 5.0;
				TARGETED_DEVICE_FAMILY = "1,2";
			};
			name = Release;
		};
/* End XCBuildConfiguration section */

/* Begin XCConfigurationList section */
		E104202B27DBA16500051F2A /* Build configuration list for PBXProject "Habit Tracker" */ = {
			isa = XCConfigurationList;
			buildConfigurations = (
				E104204127DBA16600051F2A /* Debug */,
				E104204227DBA16600051F2A /* Release */,
			);
			defaultConfigurationIsVisible = 0;
			defaultConfigurationName = Release;
		};
		E104204327DBA16600051F2A /* Build configuration list for PBXNativeTarget "Habit Tracker" */ = {
			isa = XCConfigurationList;
			buildConfigurations = (
				E104204427DBA16600051F2A /* Debug */,
				E104204527DBA16600051F2A /* Release */,
			);
			defaultConfigurationIsVisible = 0;
			defaultConfigurationName = Release;
		};
		E104206C27DBA43600051F2A /* Build configuration list for PBXNativeTarget "HabitIntents" */ = {
			isa = XCConfigurationList;
			buildConfigurations = (
				E104206D27DBA43600051F2A /* Debug */,
				E104206E27DBA43600051F2A /* Release */,
			);
			defaultConfigurationIsVisible = 0;
			defaultConfigurationName = Release;
		};
		E19D36C527E83D8800AF0490 /* Build configuration list for PBXNativeTarget "HabitImportShareExtension" */ = {
			isa = XCConfigurationList;
			buildConfigurations = (
				E19D36C627E83D8800AF0490 /* Debug */,
				E19D36C727E83D8800AF0490 /* Release */,
			);
			defaultConfigurationIsVisible = 0;
			defaultConfigurationName = Release;
		};
/* End XCConfigurationList section */

/* Begin XCRemoteSwiftPackageReference section */
		E16A9EA627E0E8FD007092CD /* XCRemoteSwiftPackageReference "Moya" */ = {
			isa = XCRemoteSwiftPackageReference;
			repositoryURL = "https://github.com/Moya/Moya.git";
			requirement = {
				branch = master;
				kind = branch;
			};
		};
/* End XCRemoteSwiftPackageReference section */

/* Begin XCSwiftPackageProductDependency section */
		E16A9EA727E0E8FD007092CD /* Moya */ = {
			isa = XCSwiftPackageProductDependency;
			package = E16A9EA627E0E8FD007092CD /* XCRemoteSwiftPackageReference "Moya" */;
			productName = Moya;
		};
/* End XCSwiftPackageProductDependency section */

/* Begin XCVersionGroup section */
		E104203E27DBA16600051F2A /* Habit_Tracker.xcdatamodeld */ = {
			isa = XCVersionGroup;
			children = (
				E104203F27DBA16600051F2A /* Habit_Tracker.xcdatamodel */,
			);
			currentVersion = E104203F27DBA16600051F2A /* Habit_Tracker.xcdatamodel */;
			path = Habit_Tracker.xcdatamodeld;
			sourceTree = "<group>";
			versionGroupType = wrapper.xcdatamodel;
		};
/* End XCVersionGroup section */
	};
	rootObject = E104202827DBA16500051F2A /* Project object */;
}
